
Microsoft Visual Studio Solution File, Format Version 12.00
# Visual Studio Version 17
VisualStudioVersion = 17.4.33110.190
MinimumVisualStudioVersion = 10.0.40219.1
Project("{9A19103F-16F7-4668-BE54-9A1E7A4F7556}") = "cmonitor", "cmonitor\cmonitor.csproj", "{267DE8BE-F91C-4CCB-9D58-D33FDA661126}"
EndProject
Project("{9A19103F-16F7-4668-BE54-9A1E7A4F7556}") = "common.libs", "common.libs\common.libs.csproj", "{00EECF97-99EB-4B12-AAEF-ED2363914275}"
EndProject
Project("{9A19103F-16F7-4668-BE54-9A1E7A4F7556}") = "cmonitor.sas.service", "cmonitor.sas.service\cmonitor.sas.service.csproj", "{0ED28F51-04B0-4B2D-B47E-EB1715F0CE57}"
EndProject
Project("{9A19103F-16F7-4668-BE54-9A1E7A4F7556}") = "cmonitor.libs", "cmonitor.libs\cmonitor.libs.csproj", "{9080618D-367F-474E-AACA-A3C2F294448F}"
EndProject
Project("{9A19103F-16F7-4668-BE54-9A1E7A4F7556}") = "cmonitor.llock.win", "cmonitor.llock.win\cmonitor.llock.win.csproj", "{6F2602B3-221D-475D-B643-D54987605644}"
EndProject
Project("{9A19103F-16F7-4668-BE54-9A1E7A4F7556}") = "cmonitor.wallpaper.win", "cmonitor.wallpaper.win\cmonitor.wallpaper.win.csproj", "{41C61263-4F73-4C62-BD78-8C3612C8F98B}"
EndProject
Project("{9A19103F-16F7-4668-BE54-9A1E7A4F7556}") = "cmonitor.notify.win", "cmonitor.notify.win\cmonitor.notify.win.csproj", "{886D781B-9A41-4DD1-8B94-490AE6476E67}"
EndProject
Project("{9A19103F-16F7-4668-BE54-9A1E7A4F7556}") = "cmonitor.message.win", "cmonitor.message.win\cmonitor.message.win.csproj", "{BCA983E7-928F-4353-BF98-4ACCBB1B173E}"
EndProject
Project("{9A19103F-16F7-4668-BE54-9A1E7A4F7556}") = "cmonitor.snatch.win", "cmonitor.snatch.win\cmonitor.snatch.win.csproj", "{5267B401-6818-407C-8323-E6C8A3CC01D6}"
EndProject
Project("{9A19103F-16F7-4668-BE54-9A1E7A4F7556}") = "cmonitor.viewer.server.win", "cmonitor.viewer.server.win\cmonitor.viewer.server.win.csproj", "{AB10024E-9307-4231-872E-3564A57BA035}"
EndProject
Project("{8BC9CEB8-8B4A-11D0-8D11-00A0C91BC942}") = "cmonitor.killer", "cmonitor.killer\cmonitor.killer.vcxproj", "{E19B86AC-AC42-417A-8536-C2FFF1FB7FDC}"
EndProject
Project("{9A19103F-16F7-4668-BE54-9A1E7A4F7556}") = "cmonitor.tests", "cmonitor.tests\cmonitor.tests.csproj", "{04AA3054-5350-4D8B-97F6-31495AE0609D}"
EndProject
Project("{FAE04EC0-301F-11D3-BF4B-00C04F79EFBC}") = "cmonitor.share.lib", "cmonitor.share.lib\cmonitor.share.lib.csproj", "{9A3D0EB7-B775-4BE8-A5AF-C2BAC9E5CFD0}"
EndProject
Global
	GlobalSection(SolutionConfigurationPlatforms) = preSolution
		Debug|Any CPU = Debug|Any CPU
		Debug|x64 = Debug|x64
		Debug|x86 = Debug|x86
		Release|Any CPU = Release|Any CPU
		Release|x64 = Release|x64
		Release|x86 = Release|x86
		ReleaseMonitor|Any CPU = ReleaseMonitor|Any CPU
		ReleaseMonitor|x64 = ReleaseMonitor|x64
		ReleaseMonitor|x86 = ReleaseMonitor|x86
		ReleaseNetwork|Any CPU = ReleaseNetwork|Any CPU
		ReleaseNetwork|x64 = ReleaseNetwork|x64
		ReleaseNetwork|x86 = ReleaseNetwork|x86
	EndGlobalSection
	GlobalSection(ProjectConfigurationPlatforms) = postSolution
		{267DE8BE-F91C-4CCB-9D58-D33FDA661126}.Debug|Any CPU.ActiveCfg = Debug|Any CPU
		{267DE8BE-F91C-4CCB-9D58-D33FDA661126}.Debug|Any CPU.Build.0 = Debug|Any CPU
		{267DE8BE-F91C-4CCB-9D58-D33FDA661126}.Debug|x64.ActiveCfg = Debug|Any CPU
		{267DE8BE-F91C-4CCB-9D58-D33FDA661126}.Debug|x64.Build.0 = Debug|Any CPU
		{267DE8BE-F91C-4CCB-9D58-D33FDA661126}.Debug|x86.ActiveCfg = Debug|Any CPU
		{267DE8BE-F91C-4CCB-9D58-D33FDA661126}.Debug|x86.Build.0 = Debug|Any CPU
		{267DE8BE-F91C-4CCB-9D58-D33FDA661126}.Release|Any CPU.ActiveCfg = Release|Any CPU
		{267DE8BE-F91C-4CCB-9D58-D33FDA661126}.Release|Any CPU.Build.0 = Release|Any CPU
		{267DE8BE-F91C-4CCB-9D58-D33FDA661126}.Release|x64.ActiveCfg = Release|Any CPU
		{267DE8BE-F91C-4CCB-9D58-D33FDA661126}.Release|x64.Build.0 = Release|Any CPU
		{267DE8BE-F91C-4CCB-9D58-D33FDA661126}.Release|x86.ActiveCfg = Release|Any CPU
		{267DE8BE-F91C-4CCB-9D58-D33FDA661126}.Release|x86.Build.0 = Release|Any CPU
		{267DE8BE-F91C-4CCB-9D58-D33FDA661126}.ReleaseMonitor|Any CPU.ActiveCfg = ReleaseMonitor|Any CPU
		{267DE8BE-F91C-4CCB-9D58-D33FDA661126}.ReleaseMonitor|Any CPU.Build.0 = ReleaseMonitor|Any CPU
		{267DE8BE-F91C-4CCB-9D58-D33FDA661126}.ReleaseMonitor|x64.ActiveCfg = ReleaseMonitor|Any CPU
		{267DE8BE-F91C-4CCB-9D58-D33FDA661126}.ReleaseMonitor|x64.Build.0 = ReleaseMonitor|Any CPU
		{267DE8BE-F91C-4CCB-9D58-D33FDA661126}.ReleaseMonitor|x86.ActiveCfg = ReleaseMonitor|Any CPU
		{267DE8BE-F91C-4CCB-9D58-D33FDA661126}.ReleaseMonitor|x86.Build.0 = ReleaseMonitor|Any CPU
		{267DE8BE-F91C-4CCB-9D58-D33FDA661126}.ReleaseNetwork|Any CPU.ActiveCfg = ReleaseNetwork|Any CPU
		{267DE8BE-F91C-4CCB-9D58-D33FDA661126}.ReleaseNetwork|Any CPU.Build.0 = ReleaseNetwork|Any CPU
		{267DE8BE-F91C-4CCB-9D58-D33FDA661126}.ReleaseNetwork|x64.ActiveCfg = ReleaseNetwork|Any CPU
		{267DE8BE-F91C-4CCB-9D58-D33FDA661126}.ReleaseNetwork|x64.Build.0 = ReleaseNetwork|Any CPU
		{267DE8BE-F91C-4CCB-9D58-D33FDA661126}.ReleaseNetwork|x86.ActiveCfg = ReleaseNetwork|Any CPU
		{267DE8BE-F91C-4CCB-9D58-D33FDA661126}.ReleaseNetwork|x86.Build.0 = ReleaseNetwork|Any CPU
		{00EECF97-99EB-4B12-AAEF-ED2363914275}.Debug|Any CPU.ActiveCfg = Debug|Any CPU
		{00EECF97-99EB-4B12-AAEF-ED2363914275}.Debug|Any CPU.Build.0 = Debug|Any CPU
		{00EECF97-99EB-4B12-AAEF-ED2363914275}.Debug|x64.ActiveCfg = Debug|Any CPU
		{00EECF97-99EB-4B12-AAEF-ED2363914275}.Debug|x64.Build.0 = Debug|Any CPU
		{00EECF97-99EB-4B12-AAEF-ED2363914275}.Debug|x86.ActiveCfg = Debug|Any CPU
		{00EECF97-99EB-4B12-AAEF-ED2363914275}.Debug|x86.Build.0 = Debug|Any CPU
		{00EECF97-99EB-4B12-AAEF-ED2363914275}.Release|Any CPU.ActiveCfg = Release|Any CPU
		{00EECF97-99EB-4B12-AAEF-ED2363914275}.Release|Any CPU.Build.0 = Release|Any CPU
		{00EECF97-99EB-4B12-AAEF-ED2363914275}.Release|x64.ActiveCfg = Release|Any CPU
		{00EECF97-99EB-4B12-AAEF-ED2363914275}.Release|x64.Build.0 = Release|Any CPU
		{00EECF97-99EB-4B12-AAEF-ED2363914275}.Release|x86.ActiveCfg = Release|Any CPU
		{00EECF97-99EB-4B12-AAEF-ED2363914275}.Release|x86.Build.0 = Release|Any CPU
		{00EECF97-99EB-4B12-AAEF-ED2363914275}.ReleaseMonitor|Any CPU.ActiveCfg = ReleaseMonitor|Any CPU
		{00EECF97-99EB-4B12-AAEF-ED2363914275}.ReleaseMonitor|Any CPU.Build.0 = ReleaseMonitor|Any CPU
		{00EECF97-99EB-4B12-AAEF-ED2363914275}.ReleaseMonitor|x64.ActiveCfg = ReleaseMonitor|Any CPU
		{00EECF97-99EB-4B12-AAEF-ED2363914275}.ReleaseMonitor|x64.Build.0 = ReleaseMonitor|Any CPU
		{00EECF97-99EB-4B12-AAEF-ED2363914275}.ReleaseMonitor|x86.ActiveCfg = ReleaseMonitor|Any CPU
		{00EECF97-99EB-4B12-AAEF-ED2363914275}.ReleaseMonitor|x86.Build.0 = ReleaseMonitor|Any CPU
		{00EECF97-99EB-4B12-AAEF-ED2363914275}.ReleaseNetwork|Any CPU.ActiveCfg = ReleaseNetwork|Any CPU
		{00EECF97-99EB-4B12-AAEF-ED2363914275}.ReleaseNetwork|Any CPU.Build.0 = ReleaseNetwork|Any CPU
		{00EECF97-99EB-4B12-AAEF-ED2363914275}.ReleaseNetwork|x64.ActiveCfg = ReleaseNetwork|Any CPU
		{00EECF97-99EB-4B12-AAEF-ED2363914275}.ReleaseNetwork|x64.Build.0 = ReleaseNetwork|Any CPU
		{00EECF97-99EB-4B12-AAEF-ED2363914275}.ReleaseNetwork|x86.ActiveCfg = ReleaseNetwork|Any CPU
		{00EECF97-99EB-4B12-AAEF-ED2363914275}.ReleaseNetwork|x86.Build.0 = ReleaseNetwork|Any CPU
		{0ED28F51-04B0-4B2D-B47E-EB1715F0CE57}.Debug|Any CPU.ActiveCfg = Debug|Any CPU
		{0ED28F51-04B0-4B2D-B47E-EB1715F0CE57}.Debug|Any CPU.Build.0 = Debug|Any CPU
		{0ED28F51-04B0-4B2D-B47E-EB1715F0CE57}.Debug|x64.ActiveCfg = Debug|Any CPU
		{0ED28F51-04B0-4B2D-B47E-EB1715F0CE57}.Debug|x64.Build.0 = Debug|Any CPU
		{0ED28F51-04B0-4B2D-B47E-EB1715F0CE57}.Debug|x86.ActiveCfg = Debug|Any CPU
		{0ED28F51-04B0-4B2D-B47E-EB1715F0CE57}.Debug|x86.Build.0 = Debug|Any CPU
		{0ED28F51-04B0-4B2D-B47E-EB1715F0CE57}.Release|Any CPU.ActiveCfg = Release|Any CPU
		{0ED28F51-04B0-4B2D-B47E-EB1715F0CE57}.Release|Any CPU.Build.0 = Release|Any CPU
		{0ED28F51-04B0-4B2D-B47E-EB1715F0CE57}.Release|x64.ActiveCfg = Release|Any CPU
		{0ED28F51-04B0-4B2D-B47E-EB1715F0CE57}.Release|x64.Build.0 = Release|Any CPU
		{0ED28F51-04B0-4B2D-B47E-EB1715F0CE57}.Release|x86.ActiveCfg = Release|Any CPU
		{0ED28F51-04B0-4B2D-B47E-EB1715F0CE57}.Release|x86.Build.0 = Release|Any CPU
		{0ED28F51-04B0-4B2D-B47E-EB1715F0CE57}.ReleaseMonitor|Any CPU.ActiveCfg = ReleaseMonitor|Any CPU
		{0ED28F51-04B0-4B2D-B47E-EB1715F0CE57}.ReleaseMonitor|Any CPU.Build.0 = ReleaseMonitor|Any CPU
		{0ED28F51-04B0-4B2D-B47E-EB1715F0CE57}.ReleaseMonitor|x64.ActiveCfg = ReleaseMonitor|Any CPU
		{0ED28F51-04B0-4B2D-B47E-EB1715F0CE57}.ReleaseMonitor|x64.Build.0 = ReleaseMonitor|Any CPU
		{0ED28F51-04B0-4B2D-B47E-EB1715F0CE57}.ReleaseMonitor|x86.ActiveCfg = ReleaseMonitor|Any CPU
		{0ED28F51-04B0-4B2D-B47E-EB1715F0CE57}.ReleaseMonitor|x86.Build.0 = ReleaseMonitor|Any CPU
		{0ED28F51-04B0-4B2D-B47E-EB1715F0CE57}.ReleaseNetwork|Any CPU.ActiveCfg = ReleaseNetwork|Any CPU
		{0ED28F51-04B0-4B2D-B47E-EB1715F0CE57}.ReleaseNetwork|Any CPU.Build.0 = ReleaseNetwork|Any CPU
		{0ED28F51-04B0-4B2D-B47E-EB1715F0CE57}.ReleaseNetwork|x64.ActiveCfg = ReleaseNetwork|Any CPU
		{0ED28F51-04B0-4B2D-B47E-EB1715F0CE57}.ReleaseNetwork|x64.Build.0 = ReleaseNetwork|Any CPU
		{0ED28F51-04B0-4B2D-B47E-EB1715F0CE57}.ReleaseNetwork|x86.ActiveCfg = ReleaseNetwork|Any CPU
		{0ED28F51-04B0-4B2D-B47E-EB1715F0CE57}.ReleaseNetwork|x86.Build.0 = ReleaseNetwork|Any CPU
		{9080618D-367F-474E-AACA-A3C2F294448F}.Debug|Any CPU.ActiveCfg = Debug|Any CPU
		{9080618D-367F-474E-AACA-A3C2F294448F}.Debug|Any CPU.Build.0 = Debug|Any CPU
		{9080618D-367F-474E-AACA-A3C2F294448F}.Debug|x64.ActiveCfg = Debug|Any CPU
		{9080618D-367F-474E-AACA-A3C2F294448F}.Debug|x64.Build.0 = Debug|Any CPU
		{9080618D-367F-474E-AACA-A3C2F294448F}.Debug|x86.ActiveCfg = Debug|Any CPU
		{9080618D-367F-474E-AACA-A3C2F294448F}.Debug|x86.Build.0 = Debug|Any CPU
		{9080618D-367F-474E-AACA-A3C2F294448F}.Release|Any CPU.ActiveCfg = Release|Any CPU
		{9080618D-367F-474E-AACA-A3C2F294448F}.Release|Any CPU.Build.0 = Release|Any CPU
		{9080618D-367F-474E-AACA-A3C2F294448F}.Release|x64.ActiveCfg = Release|Any CPU
		{9080618D-367F-474E-AACA-A3C2F294448F}.Release|x64.Build.0 = Release|Any CPU
		{9080618D-367F-474E-AACA-A3C2F294448F}.Release|x86.ActiveCfg = Release|Any CPU
		{9080618D-367F-474E-AACA-A3C2F294448F}.Release|x86.Build.0 = Release|Any CPU
		{9080618D-367F-474E-AACA-A3C2F294448F}.ReleaseMonitor|Any CPU.ActiveCfg = ReleaseMonitor|Any CPU
		{9080618D-367F-474E-AACA-A3C2F294448F}.ReleaseMonitor|Any CPU.Build.0 = ReleaseMonitor|Any CPU
		{9080618D-367F-474E-AACA-A3C2F294448F}.ReleaseMonitor|x64.ActiveCfg = ReleaseMonitor|Any CPU
		{9080618D-367F-474E-AACA-A3C2F294448F}.ReleaseMonitor|x64.Build.0 = ReleaseMonitor|Any CPU
		{9080618D-367F-474E-AACA-A3C2F294448F}.ReleaseMonitor|x86.ActiveCfg = ReleaseMonitor|Any CPU
		{9080618D-367F-474E-AACA-A3C2F294448F}.ReleaseMonitor|x86.Build.0 = ReleaseMonitor|Any CPU
		{9080618D-367F-474E-AACA-A3C2F294448F}.ReleaseNetwork|Any CPU.ActiveCfg = ReleaseNetwork|Any CPU
		{9080618D-367F-474E-AACA-A3C2F294448F}.ReleaseNetwork|Any CPU.Build.0 = ReleaseNetwork|Any CPU
		{9080618D-367F-474E-AACA-A3C2F294448F}.ReleaseNetwork|x64.ActiveCfg = ReleaseNetwork|Any CPU
		{9080618D-367F-474E-AACA-A3C2F294448F}.ReleaseNetwork|x64.Build.0 = ReleaseNetwork|Any CPU
		{9080618D-367F-474E-AACA-A3C2F294448F}.ReleaseNetwork|x86.ActiveCfg = ReleaseNetwork|Any CPU
		{9080618D-367F-474E-AACA-A3C2F294448F}.ReleaseNetwork|x86.Build.0 = ReleaseNetwork|Any CPU
		{6F2602B3-221D-475D-B643-D54987605644}.Debug|Any CPU.ActiveCfg = Debug|Any CPU
		{6F2602B3-221D-475D-B643-D54987605644}.Debug|Any CPU.Build.0 = Debug|Any CPU
		{6F2602B3-221D-475D-B643-D54987605644}.Debug|x64.ActiveCfg = Debug|Any CPU
		{6F2602B3-221D-475D-B643-D54987605644}.Debug|x64.Build.0 = Debug|Any CPU
		{6F2602B3-221D-475D-B643-D54987605644}.Debug|x86.ActiveCfg = Debug|Any CPU
		{6F2602B3-221D-475D-B643-D54987605644}.Debug|x86.Build.0 = Debug|Any CPU
		{6F2602B3-221D-475D-B643-D54987605644}.Release|Any CPU.ActiveCfg = Release|Any CPU
		{6F2602B3-221D-475D-B643-D54987605644}.Release|Any CPU.Build.0 = Release|Any CPU
		{6F2602B3-221D-475D-B643-D54987605644}.Release|x64.ActiveCfg = Release|Any CPU
		{6F2602B3-221D-475D-B643-D54987605644}.Release|x64.Build.0 = Release|Any CPU
		{6F2602B3-221D-475D-B643-D54987605644}.Release|x86.ActiveCfg = Release|Any CPU
		{6F2602B3-221D-475D-B643-D54987605644}.Release|x86.Build.0 = Release|Any CPU
		{6F2602B3-221D-475D-B643-D54987605644}.ReleaseMonitor|Any CPU.ActiveCfg = ReleaseMonitor|Any CPU
		{6F2602B3-221D-475D-B643-D54987605644}.ReleaseMonitor|Any CPU.Build.0 = ReleaseMonitor|Any CPU
		{6F2602B3-221D-475D-B643-D54987605644}.ReleaseMonitor|x64.ActiveCfg = ReleaseMonitor|Any CPU
		{6F2602B3-221D-475D-B643-D54987605644}.ReleaseMonitor|x64.Build.0 = ReleaseMonitor|Any CPU
		{6F2602B3-221D-475D-B643-D54987605644}.ReleaseMonitor|x86.ActiveCfg = ReleaseMonitor|Any CPU
		{6F2602B3-221D-475D-B643-D54987605644}.ReleaseMonitor|x86.Build.0 = ReleaseMonitor|Any CPU
		{6F2602B3-221D-475D-B643-D54987605644}.ReleaseNetwork|Any CPU.ActiveCfg = ReleaseNetwork|Any CPU
		{6F2602B3-221D-475D-B643-D54987605644}.ReleaseNetwork|Any CPU.Build.0 = ReleaseNetwork|Any CPU
		{6F2602B3-221D-475D-B643-D54987605644}.ReleaseNetwork|x64.ActiveCfg = ReleaseNetwork|Any CPU
		{6F2602B3-221D-475D-B643-D54987605644}.ReleaseNetwork|x64.Build.0 = ReleaseNetwork|Any CPU
		{6F2602B3-221D-475D-B643-D54987605644}.ReleaseNetwork|x86.ActiveCfg = ReleaseNetwork|Any CPU
		{6F2602B3-221D-475D-B643-D54987605644}.ReleaseNetwork|x86.Build.0 = ReleaseNetwork|Any CPU
		{41C61263-4F73-4C62-BD78-8C3612C8F98B}.Debug|Any CPU.ActiveCfg = Debug|Any CPU
		{41C61263-4F73-4C62-BD78-8C3612C8F98B}.Debug|Any CPU.Build.0 = Debug|Any CPU
		{41C61263-4F73-4C62-BD78-8C3612C8F98B}.Debug|x64.ActiveCfg = Debug|Any CPU
		{41C61263-4F73-4C62-BD78-8C3612C8F98B}.Debug|x64.Build.0 = Debug|Any CPU
		{41C61263-4F73-4C62-BD78-8C3612C8F98B}.Debug|x86.ActiveCfg = Debug|Any CPU
		{41C61263-4F73-4C62-BD78-8C3612C8F98B}.Debug|x86.Build.0 = Debug|Any CPU
		{41C61263-4F73-4C62-BD78-8C3612C8F98B}.Release|Any CPU.ActiveCfg = Release|Any CPU
		{41C61263-4F73-4C62-BD78-8C3612C8F98B}.Release|Any CPU.Build.0 = Release|Any CPU
		{41C61263-4F73-4C62-BD78-8C3612C8F98B}.Release|x64.ActiveCfg = Release|Any CPU
		{41C61263-4F73-4C62-BD78-8C3612C8F98B}.Release|x64.Build.0 = Release|Any CPU
		{41C61263-4F73-4C62-BD78-8C3612C8F98B}.Release|x86.ActiveCfg = Release|Any CPU
		{41C61263-4F73-4C62-BD78-8C3612C8F98B}.Release|x86.Build.0 = Release|Any CPU
		{41C61263-4F73-4C62-BD78-8C3612C8F98B}.ReleaseMonitor|Any CPU.ActiveCfg = ReleaseMonitor|Any CPU
		{41C61263-4F73-4C62-BD78-8C3612C8F98B}.ReleaseMonitor|Any CPU.Build.0 = ReleaseMonitor|Any CPU
		{41C61263-4F73-4C62-BD78-8C3612C8F98B}.ReleaseMonitor|x64.ActiveCfg = ReleaseMonitor|Any CPU
		{41C61263-4F73-4C62-BD78-8C3612C8F98B}.ReleaseMonitor|x64.Build.0 = ReleaseMonitor|Any CPU
		{41C61263-4F73-4C62-BD78-8C3612C8F98B}.ReleaseMonitor|x86.ActiveCfg = ReleaseMonitor|Any CPU
		{41C61263-4F73-4C62-BD78-8C3612C8F98B}.ReleaseMonitor|x86.Build.0 = ReleaseMonitor|Any CPU
		{41C61263-4F73-4C62-BD78-8C3612C8F98B}.ReleaseNetwork|Any CPU.ActiveCfg = ReleaseNetwork|Any CPU
		{41C61263-4F73-4C62-BD78-8C3612C8F98B}.ReleaseNetwork|Any CPU.Build.0 = ReleaseNetwork|Any CPU
		{41C61263-4F73-4C62-BD78-8C3612C8F98B}.ReleaseNetwork|x64.ActiveCfg = ReleaseNetwork|Any CPU
		{41C61263-4F73-4C62-BD78-8C3612C8F98B}.ReleaseNetwork|x64.Build.0 = ReleaseNetwork|Any CPU
		{41C61263-4F73-4C62-BD78-8C3612C8F98B}.ReleaseNetwork|x86.ActiveCfg = ReleaseNetwork|Any CPU
		{41C61263-4F73-4C62-BD78-8C3612C8F98B}.ReleaseNetwork|x86.Build.0 = ReleaseNetwork|Any CPU
		{886D781B-9A41-4DD1-8B94-490AE6476E67}.Debug|Any CPU.ActiveCfg = Debug|Any CPU
		{886D781B-9A41-4DD1-8B94-490AE6476E67}.Debug|Any CPU.Build.0 = Debug|Any CPU
		{886D781B-9A41-4DD1-8B94-490AE6476E67}.Debug|x64.ActiveCfg = Debug|Any CPU
		{886D781B-9A41-4DD1-8B94-490AE6476E67}.Debug|x64.Build.0 = Debug|Any CPU
		{886D781B-9A41-4DD1-8B94-490AE6476E67}.Debug|x86.ActiveCfg = Debug|Any CPU
		{886D781B-9A41-4DD1-8B94-490AE6476E67}.Debug|x86.Build.0 = Debug|Any CPU
		{886D781B-9A41-4DD1-8B94-490AE6476E67}.Release|Any CPU.ActiveCfg = Release|Any CPU
		{886D781B-9A41-4DD1-8B94-490AE6476E67}.Release|Any CPU.Build.0 = Release|Any CPU
		{886D781B-9A41-4DD1-8B94-490AE6476E67}.Release|x64.ActiveCfg = Release|Any CPU
		{886D781B-9A41-4DD1-8B94-490AE6476E67}.Release|x64.Build.0 = Release|Any CPU
		{886D781B-9A41-4DD1-8B94-490AE6476E67}.Release|x86.ActiveCfg = Release|Any CPU
		{886D781B-9A41-4DD1-8B94-490AE6476E67}.Release|x86.Build.0 = Release|Any CPU
		{886D781B-9A41-4DD1-8B94-490AE6476E67}.ReleaseMonitor|Any CPU.ActiveCfg = ReleaseMonitor|Any CPU
		{886D781B-9A41-4DD1-8B94-490AE6476E67}.ReleaseMonitor|Any CPU.Build.0 = ReleaseMonitor|Any CPU
		{886D781B-9A41-4DD1-8B94-490AE6476E67}.ReleaseMonitor|x64.ActiveCfg = ReleaseMonitor|Any CPU
		{886D781B-9A41-4DD1-8B94-490AE6476E67}.ReleaseMonitor|x64.Build.0 = ReleaseMonitor|Any CPU
		{886D781B-9A41-4DD1-8B94-490AE6476E67}.ReleaseMonitor|x86.ActiveCfg = ReleaseMonitor|Any CPU
		{886D781B-9A41-4DD1-8B94-490AE6476E67}.ReleaseMonitor|x86.Build.0 = ReleaseMonitor|Any CPU
		{886D781B-9A41-4DD1-8B94-490AE6476E67}.ReleaseNetwork|Any CPU.ActiveCfg = ReleaseNetwork|Any CPU
		{886D781B-9A41-4DD1-8B94-490AE6476E67}.ReleaseNetwork|Any CPU.Build.0 = ReleaseNetwork|Any CPU
		{886D781B-9A41-4DD1-8B94-490AE6476E67}.ReleaseNetwork|x64.ActiveCfg = ReleaseNetwork|Any CPU
		{886D781B-9A41-4DD1-8B94-490AE6476E67}.ReleaseNetwork|x64.Build.0 = ReleaseNetwork|Any CPU
		{886D781B-9A41-4DD1-8B94-490AE6476E67}.ReleaseNetwork|x86.ActiveCfg = ReleaseNetwork|Any CPU
		{886D781B-9A41-4DD1-8B94-490AE6476E67}.ReleaseNetwork|x86.Build.0 = ReleaseNetwork|Any CPU
		{BCA983E7-928F-4353-BF98-4ACCBB1B173E}.Debug|Any CPU.ActiveCfg = Debug|Any CPU
		{BCA983E7-928F-4353-BF98-4ACCBB1B173E}.Debug|Any CPU.Build.0 = Debug|Any CPU
		{BCA983E7-928F-4353-BF98-4ACCBB1B173E}.Debug|x64.ActiveCfg = Debug|Any CPU
		{BCA983E7-928F-4353-BF98-4ACCBB1B173E}.Debug|x64.Build.0 = Debug|Any CPU
		{BCA983E7-928F-4353-BF98-4ACCBB1B173E}.Debug|x86.ActiveCfg = Debug|Any CPU
		{BCA983E7-928F-4353-BF98-4ACCBB1B173E}.Debug|x86.Build.0 = Debug|Any CPU
		{BCA983E7-928F-4353-BF98-4ACCBB1B173E}.Release|Any CPU.ActiveCfg = Release|Any CPU
		{BCA983E7-928F-4353-BF98-4ACCBB1B173E}.Release|Any CPU.Build.0 = Release|Any CPU
		{BCA983E7-928F-4353-BF98-4ACCBB1B173E}.Release|x64.ActiveCfg = Release|Any CPU
		{BCA983E7-928F-4353-BF98-4ACCBB1B173E}.Release|x64.Build.0 = Release|Any CPU
		{BCA983E7-928F-4353-BF98-4ACCBB1B173E}.Release|x86.ActiveCfg = Release|Any CPU
		{BCA983E7-928F-4353-BF98-4ACCBB1B173E}.Release|x86.Build.0 = Release|Any CPU
		{BCA983E7-928F-4353-BF98-4ACCBB1B173E}.ReleaseMonitor|Any CPU.ActiveCfg = ReleaseMonitor|Any CPU
		{BCA983E7-928F-4353-BF98-4ACCBB1B173E}.ReleaseMonitor|Any CPU.Build.0 = ReleaseMonitor|Any CPU
		{BCA983E7-928F-4353-BF98-4ACCBB1B173E}.ReleaseMonitor|x64.ActiveCfg = ReleaseMonitor|Any CPU
		{BCA983E7-928F-4353-BF98-4ACCBB1B173E}.ReleaseMonitor|x64.Build.0 = ReleaseMonitor|Any CPU
		{BCA983E7-928F-4353-BF98-4ACCBB1B173E}.ReleaseMonitor|x86.ActiveCfg = ReleaseMonitor|Any CPU
		{BCA983E7-928F-4353-BF98-4ACCBB1B173E}.ReleaseMonitor|x86.Build.0 = ReleaseMonitor|Any CPU
		{BCA983E7-928F-4353-BF98-4ACCBB1B173E}.ReleaseNetwork|Any CPU.ActiveCfg = ReleaseNetwork|Any CPU
		{BCA983E7-928F-4353-BF98-4ACCBB1B173E}.ReleaseNetwork|Any CPU.Build.0 = ReleaseNetwork|Any CPU
		{BCA983E7-928F-4353-BF98-4ACCBB1B173E}.ReleaseNetwork|x64.ActiveCfg = ReleaseNetwork|Any CPU
		{BCA983E7-928F-4353-BF98-4ACCBB1B173E}.ReleaseNetwork|x64.Build.0 = ReleaseNetwork|Any CPU
		{BCA983E7-928F-4353-BF98-4ACCBB1B173E}.ReleaseNetwork|x86.ActiveCfg = ReleaseNetwork|Any CPU
		{BCA983E7-928F-4353-BF98-4ACCBB1B173E}.ReleaseNetwork|x86.Build.0 = ReleaseNetwork|Any CPU
		{5267B401-6818-407C-8323-E6C8A3CC01D6}.Debug|Any CPU.ActiveCfg = Debug|Any CPU
		{5267B401-6818-407C-8323-E6C8A3CC01D6}.Debug|Any CPU.Build.0 = Debug|Any CPU
		{5267B401-6818-407C-8323-E6C8A3CC01D6}.Debug|x64.ActiveCfg = Debug|Any CPU
		{5267B401-6818-407C-8323-E6C8A3CC01D6}.Debug|x64.Build.0 = Debug|Any CPU
		{5267B401-6818-407C-8323-E6C8A3CC01D6}.Debug|x86.ActiveCfg = Debug|Any CPU
		{5267B401-6818-407C-8323-E6C8A3CC01D6}.Debug|x86.Build.0 = Debug|Any CPU
		{5267B401-6818-407C-8323-E6C8A3CC01D6}.Release|Any CPU.ActiveCfg = Release|Any CPU
		{5267B401-6818-407C-8323-E6C8A3CC01D6}.Release|Any CPU.Build.0 = Release|Any CPU
		{5267B401-6818-407C-8323-E6C8A3CC01D6}.Release|x64.ActiveCfg = Release|Any CPU
		{5267B401-6818-407C-8323-E6C8A3CC01D6}.Release|x64.Build.0 = Release|Any CPU
		{5267B401-6818-407C-8323-E6C8A3CC01D6}.Release|x86.ActiveCfg = Release|Any CPU
		{5267B401-6818-407C-8323-E6C8A3CC01D6}.Release|x86.Build.0 = Release|Any CPU
		{5267B401-6818-407C-8323-E6C8A3CC01D6}.ReleaseMonitor|Any CPU.ActiveCfg = ReleaseMonitor|Any CPU
		{5267B401-6818-407C-8323-E6C8A3CC01D6}.ReleaseMonitor|Any CPU.Build.0 = ReleaseMonitor|Any CPU
		{5267B401-6818-407C-8323-E6C8A3CC01D6}.ReleaseMonitor|x64.ActiveCfg = ReleaseMonitor|Any CPU
		{5267B401-6818-407C-8323-E6C8A3CC01D6}.ReleaseMonitor|x64.Build.0 = ReleaseMonitor|Any CPU
		{5267B401-6818-407C-8323-E6C8A3CC01D6}.ReleaseMonitor|x86.ActiveCfg = ReleaseMonitor|Any CPU
		{5267B401-6818-407C-8323-E6C8A3CC01D6}.ReleaseMonitor|x86.Build.0 = ReleaseMonitor|Any CPU
		{5267B401-6818-407C-8323-E6C8A3CC01D6}.ReleaseNetwork|Any CPU.ActiveCfg = ReleaseNetwork|Any CPU
		{5267B401-6818-407C-8323-E6C8A3CC01D6}.ReleaseNetwork|Any CPU.Build.0 = ReleaseNetwork|Any CPU
		{5267B401-6818-407C-8323-E6C8A3CC01D6}.ReleaseNetwork|x64.ActiveCfg = ReleaseNetwork|Any CPU
		{5267B401-6818-407C-8323-E6C8A3CC01D6}.ReleaseNetwork|x64.Build.0 = ReleaseNetwork|Any CPU
		{5267B401-6818-407C-8323-E6C8A3CC01D6}.ReleaseNetwork|x86.ActiveCfg = ReleaseNetwork|Any CPU
		{5267B401-6818-407C-8323-E6C8A3CC01D6}.ReleaseNetwork|x86.Build.0 = ReleaseNetwork|Any CPU
		{AB10024E-9307-4231-872E-3564A57BA035}.Debug|Any CPU.ActiveCfg = Debug|Any CPU
		{AB10024E-9307-4231-872E-3564A57BA035}.Debug|Any CPU.Build.0 = Debug|Any CPU
		{AB10024E-9307-4231-872E-3564A57BA035}.Debug|x64.ActiveCfg = Debug|Any CPU
		{AB10024E-9307-4231-872E-3564A57BA035}.Debug|x64.Build.0 = Debug|Any CPU
		{AB10024E-9307-4231-872E-3564A57BA035}.Debug|x86.ActiveCfg = Debug|Any CPU
		{AB10024E-9307-4231-872E-3564A57BA035}.Debug|x86.Build.0 = Debug|Any CPU
		{AB10024E-9307-4231-872E-3564A57BA035}.Release|Any CPU.ActiveCfg = Release|Any CPU
		{AB10024E-9307-4231-872E-3564A57BA035}.Release|Any CPU.Build.0 = Release|Any CPU
		{AB10024E-9307-4231-872E-3564A57BA035}.Release|x64.ActiveCfg = Release|Any CPU
		{AB10024E-9307-4231-872E-3564A57BA035}.Release|x64.Build.0 = Release|Any CPU
		{AB10024E-9307-4231-872E-3564A57BA035}.Release|x86.ActiveCfg = Release|Any CPU
		{AB10024E-9307-4231-872E-3564A57BA035}.Release|x86.Build.0 = Release|Any CPU
		{AB10024E-9307-4231-872E-3564A57BA035}.ReleaseMonitor|Any CPU.ActiveCfg = ReleaseMonitor|Any CPU
		{AB10024E-9307-4231-872E-3564A57BA035}.ReleaseMonitor|Any CPU.Build.0 = ReleaseMonitor|Any CPU
		{AB10024E-9307-4231-872E-3564A57BA035}.ReleaseMonitor|x64.ActiveCfg = ReleaseMonitor|Any CPU
		{AB10024E-9307-4231-872E-3564A57BA035}.ReleaseMonitor|x64.Build.0 = ReleaseMonitor|Any CPU
		{AB10024E-9307-4231-872E-3564A57BA035}.ReleaseMonitor|x86.ActiveCfg = ReleaseMonitor|Any CPU
		{AB10024E-9307-4231-872E-3564A57BA035}.ReleaseMonitor|x86.Build.0 = ReleaseMonitor|Any CPU
		{AB10024E-9307-4231-872E-3564A57BA035}.ReleaseNetwork|Any CPU.ActiveCfg = ReleaseNetwork|Any CPU
		{AB10024E-9307-4231-872E-3564A57BA035}.ReleaseNetwork|Any CPU.Build.0 = ReleaseNetwork|Any CPU
		{AB10024E-9307-4231-872E-3564A57BA035}.ReleaseNetwork|x64.ActiveCfg = ReleaseNetwork|Any CPU
		{AB10024E-9307-4231-872E-3564A57BA035}.ReleaseNetwork|x64.Build.0 = ReleaseNetwork|Any CPU
		{AB10024E-9307-4231-872E-3564A57BA035}.ReleaseNetwork|x86.ActiveCfg = ReleaseNetwork|Any CPU
		{AB10024E-9307-4231-872E-3564A57BA035}.ReleaseNetwork|x86.Build.0 = ReleaseNetwork|Any CPU
		{E19B86AC-AC42-417A-8536-C2FFF1FB7FDC}.Debug|Any CPU.ActiveCfg = Debug|x64
		{E19B86AC-AC42-417A-8536-C2FFF1FB7FDC}.Debug|Any CPU.Build.0 = Debug|x64
		{E19B86AC-AC42-417A-8536-C2FFF1FB7FDC}.Debug|x64.ActiveCfg = Debug|x64
		{E19B86AC-AC42-417A-8536-C2FFF1FB7FDC}.Debug|x64.Build.0 = Debug|x64
		{E19B86AC-AC42-417A-8536-C2FFF1FB7FDC}.Debug|x86.ActiveCfg = Debug|Win32
		{E19B86AC-AC42-417A-8536-C2FFF1FB7FDC}.Debug|x86.Build.0 = Debug|Win32
		{E19B86AC-AC42-417A-8536-C2FFF1FB7FDC}.Release|Any CPU.ActiveCfg = Release|x64
		{E19B86AC-AC42-417A-8536-C2FFF1FB7FDC}.Release|Any CPU.Build.0 = Release|x64
		{E19B86AC-AC42-417A-8536-C2FFF1FB7FDC}.Release|x64.ActiveCfg = Release|x64
		{E19B86AC-AC42-417A-8536-C2FFF1FB7FDC}.Release|x64.Build.0 = Release|x64
		{E19B86AC-AC42-417A-8536-C2FFF1FB7FDC}.Release|x86.ActiveCfg = Release|Win32
		{E19B86AC-AC42-417A-8536-C2FFF1FB7FDC}.Release|x86.Build.0 = Release|Win32
		{E19B86AC-AC42-417A-8536-C2FFF1FB7FDC}.ReleaseMonitor|Any CPU.ActiveCfg = ReleaseMonitor|x64
		{E19B86AC-AC42-417A-8536-C2FFF1FB7FDC}.ReleaseMonitor|Any CPU.Build.0 = ReleaseMonitor|x64
		{E19B86AC-AC42-417A-8536-C2FFF1FB7FDC}.ReleaseMonitor|x64.ActiveCfg = ReleaseMonitor|x64
		{E19B86AC-AC42-417A-8536-C2FFF1FB7FDC}.ReleaseMonitor|x64.Build.0 = ReleaseMonitor|x64
		{E19B86AC-AC42-417A-8536-C2FFF1FB7FDC}.ReleaseMonitor|x86.ActiveCfg = ReleaseMonitor|Win32
		{E19B86AC-AC42-417A-8536-C2FFF1FB7FDC}.ReleaseMonitor|x86.Build.0 = ReleaseMonitor|Win32
		{E19B86AC-AC42-417A-8536-C2FFF1FB7FDC}.ReleaseNetwork|Any CPU.ActiveCfg = ReleaseNetwork|x64
		{E19B86AC-AC42-417A-8536-C2FFF1FB7FDC}.ReleaseNetwork|Any CPU.Build.0 = ReleaseNetwork|x64
		{E19B86AC-AC42-417A-8536-C2FFF1FB7FDC}.ReleaseNetwork|x64.ActiveCfg = ReleaseNetwork|x64
		{E19B86AC-AC42-417A-8536-C2FFF1FB7FDC}.ReleaseNetwork|x64.Build.0 = ReleaseNetwork|x64
		{E19B86AC-AC42-417A-8536-C2FFF1FB7FDC}.ReleaseNetwork|x86.ActiveCfg = ReleaseNetwork|Win32
		{E19B86AC-AC42-417A-8536-C2FFF1FB7FDC}.ReleaseNetwork|x86.Build.0 = ReleaseNetwork|Win32
		{04AA3054-5350-4D8B-97F6-31495AE0609D}.Debug|Any CPU.ActiveCfg = Debug|Any CPU
		{04AA3054-5350-4D8B-97F6-31495AE0609D}.Debug|Any CPU.Build.0 = Debug|Any CPU
		{04AA3054-5350-4D8B-97F6-31495AE0609D}.Debug|x64.ActiveCfg = Debug|Any CPU
		{04AA3054-5350-4D8B-97F6-31495AE0609D}.Debug|x64.Build.0 = Debug|Any CPU
		{04AA3054-5350-4D8B-97F6-31495AE0609D}.Debug|x86.ActiveCfg = Debug|Any CPU
		{04AA3054-5350-4D8B-97F6-31495AE0609D}.Debug|x86.Build.0 = Debug|Any CPU
		{04AA3054-5350-4D8B-97F6-31495AE0609D}.Release|Any CPU.ActiveCfg = Release|Any CPU
		{04AA3054-5350-4D8B-97F6-31495AE0609D}.Release|Any CPU.Build.0 = Release|Any CPU
		{04AA3054-5350-4D8B-97F6-31495AE0609D}.Release|x64.ActiveCfg = Release|Any CPU
		{04AA3054-5350-4D8B-97F6-31495AE0609D}.Release|x64.Build.0 = Release|Any CPU
		{04AA3054-5350-4D8B-97F6-31495AE0609D}.Release|x86.ActiveCfg = Release|Any CPU
		{04AA3054-5350-4D8B-97F6-31495AE0609D}.Release|x86.Build.0 = Release|Any CPU
		{04AA3054-5350-4D8B-97F6-31495AE0609D}.ReleaseMonitor|Any CPU.ActiveCfg = ReleaseMonitor|Any CPU
		{04AA3054-5350-4D8B-97F6-31495AE0609D}.ReleaseMonitor|Any CPU.Build.0 = ReleaseMonitor|Any CPU
		{04AA3054-5350-4D8B-97F6-31495AE0609D}.ReleaseMonitor|x64.ActiveCfg = ReleaseMonitor|Any CPU
		{04AA3054-5350-4D8B-97F6-31495AE0609D}.ReleaseMonitor|x64.Build.0 = ReleaseMonitor|Any CPU
		{04AA3054-5350-4D8B-97F6-31495AE0609D}.ReleaseMonitor|x86.ActiveCfg = ReleaseMonitor|Any CPU
		{04AA3054-5350-4D8B-97F6-31495AE0609D}.ReleaseMonitor|x86.Build.0 = ReleaseMonitor|Any CPU
		{04AA3054-5350-4D8B-97F6-31495AE0609D}.ReleaseNetwork|Any CPU.ActiveCfg = ReleaseNetwork|Any CPU
		{04AA3054-5350-4D8B-97F6-31495AE0609D}.ReleaseNetwork|Any CPU.Build.0 = ReleaseNetwork|Any CPU
		{04AA3054-5350-4D8B-97F6-31495AE0609D}.ReleaseNetwork|x64.ActiveCfg = ReleaseNetwork|Any CPU
		{04AA3054-5350-4D8B-97F6-31495AE0609D}.ReleaseNetwork|x64.Build.0 = ReleaseNetwork|Any CPU
		{04AA3054-5350-4D8B-97F6-31495AE0609D}.ReleaseNetwork|x86.ActiveCfg = ReleaseNetwork|Any CPU
		{04AA3054-5350-4D8B-97F6-31495AE0609D}.ReleaseNetwork|x86.Build.0 = ReleaseNetwork|Any CPU
		{9A3D0EB7-B775-4BE8-A5AF-C2BAC9E5CFD0}.Debug|Any CPU.ActiveCfg = Debug|Any CPU
		{9A3D0EB7-B775-4BE8-A5AF-C2BAC9E5CFD0}.Debug|Any CPU.Build.0 = Debug|Any CPU
		{9A3D0EB7-B775-4BE8-A5AF-C2BAC9E5CFD0}.Debug|x64.ActiveCfg = Debug|Any CPU
		{9A3D0EB7-B775-4BE8-A5AF-C2BAC9E5CFD0}.Debug|x64.Build.0 = Debug|Any CPU
		{9A3D0EB7-B775-4BE8-A5AF-C2BAC9E5CFD0}.Debug|x86.ActiveCfg = Debug|Any CPU
		{9A3D0EB7-B775-4BE8-A5AF-C2BAC9E5CFD0}.Debug|x86.Build.0 = Debug|Any CPU
		{9A3D0EB7-B775-4BE8-A5AF-C2BAC9E5CFD0}.Release|Any CPU.ActiveCfg = Release|Any CPU
		{9A3D0EB7-B775-4BE8-A5AF-C2BAC9E5CFD0}.Release|Any CPU.Build.0 = Release|Any CPU
		{9A3D0EB7-B775-4BE8-A5AF-C2BAC9E5CFD0}.Release|x64.ActiveCfg = Release|Any CPU
		{9A3D0EB7-B775-4BE8-A5AF-C2BAC9E5CFD0}.Release|x64.Build.0 = Release|Any CPU
		{9A3D0EB7-B775-4BE8-A5AF-C2BAC9E5CFD0}.Release|x86.ActiveCfg = Release|Any CPU
		{9A3D0EB7-B775-4BE8-A5AF-C2BAC9E5CFD0}.Release|x86.Build.0 = Release|Any CPU
		{9A3D0EB7-B775-4BE8-A5AF-C2BAC9E5CFD0}.ReleaseMonitor|Any CPU.ActiveCfg = ReleaseMonitor|Any CPU
		{9A3D0EB7-B775-4BE8-A5AF-C2BAC9E5CFD0}.ReleaseMonitor|Any CPU.Build.0 = ReleaseMonitor|Any CPU
		{9A3D0EB7-B775-4BE8-A5AF-C2BAC9E5CFD0}.ReleaseMonitor|x64.ActiveCfg = ReleaseMonitor|Any CPU
		{9A3D0EB7-B775-4BE8-A5AF-C2BAC9E5CFD0}.ReleaseMonitor|x64.Build.0 = ReleaseMonitor|Any CPU
		{9A3D0EB7-B775-4BE8-A5AF-C2BAC9E5CFD0}.ReleaseMonitor|x86.ActiveCfg = ReleaseMonitor|Any CPU
		{9A3D0EB7-B775-4BE8-A5AF-C2BAC9E5CFD0}.ReleaseMonitor|x86.Build.0 = ReleaseMonitor|Any CPU
		{9A3D0EB7-B775-4BE8-A5AF-C2BAC9E5CFD0}.ReleaseNetwork|Any CPU.ActiveCfg = ReleaseNetwork|Any CPU
		{9A3D0EB7-B775-4BE8-A5AF-C2BAC9E5CFD0}.ReleaseNetwork|Any CPU.Build.0 = ReleaseNetwork|Any CPU
		{9A3D0EB7-B775-4BE8-A5AF-C2BAC9E5CFD0}.ReleaseNetwork|x64.ActiveCfg = ReleaseNetwork|Any CPU
		{9A3D0EB7-B775-4BE8-A5AF-C2BAC9E5CFD0}.ReleaseNetwork|x64.Build.0 = ReleaseNetwork|Any CPU
		{9A3D0EB7-B775-4BE8-A5AF-C2BAC9E5CFD0}.ReleaseNetwork|x86.ActiveCfg = ReleaseNetwork|Any CPU
		{9A3D0EB7-B775-4BE8-A5AF-C2BAC9E5CFD0}.ReleaseNetwork|x86.Build.0 = ReleaseNetwork|Any CPU
	EndGlobalSection
	GlobalSection(SolutionProperties) = preSolution
		HideSolutionNode = FALSE
	EndGlobalSection
	GlobalSection(ExtensibilityGlobals) = postSolution
		SolutionGuid = {1F7E3D69-2821-4CA8-A8B5-86016FA9BEAB}
	EndGlobalSection
EndGlobal
