
Microsoft Visual Studio Solution File, Format Version 12.00
# Visual Studio Version 17
VisualStudioVersion = 17.4.33110.190
MinimumVisualStudioVersion = 10.0.40219.1
Project("{9A19103F-16F7-4668-BE54-9A1E7A4F7556}") = "cmonitor", "cmonitor\cmonitor.csproj", "{267DE8BE-F91C-4CCB-9D58-D33FDA661126}"
EndProject
Project("{9A19103F-16F7-4668-BE54-9A1E7A4F7556}") = "common.libs", "common.libs\common.libs.csproj", "{00EECF97-99EB-4B12-AAEF-ED2363914275}"
EndProject
Project("{FAE04EC0-301F-11D3-BF4B-00C04F79EFBC}") = "message.win", "message.win\message.win.csproj", "{386F8B8F-2E83-408E-AC3A-4BD35608EDE3}"
EndProject
Project("{FAE04EC0-301F-11D3-BF4B-00C04F79EFBC}") = "wallpaper.win", "wallpaper.win\wallpaper.win.csproj", "{88FF2017-FF1A-4E9F-AB2E-2973C5B35C34}"
EndProject
Project("{FAE04EC0-301F-11D3-BF4B-00C04F79EFBC}") = "llock.win", "llock.win\llock.win.csproj", "{DD7F9ABD-7718-454B-950D-A369C6D85FE4}"
EndProject
Project("{FAE04EC0-301F-11D3-BF4B-00C04F79EFBC}") = "cmonitor.win", "cmonitor.win\cmonitor.win.csproj", "{9170E23A-B7CA-485F-AE8A-6BC9D29D4C67}"
EndProject
Project("{8BC9CEB8-8B4A-11D0-8D11-00A0C91BC942}") = "cmonitor.volume", "cmonitor.volume\cmonitor.volume.vcxproj", "{EDA47DD6-82DC-415C-A3CC-35A564FF0D0F}"
EndProject
Project("{FAE04EC0-301F-11D3-BF4B-00C04F79EFBC}") = "notify.win", "notify.win\notify.win.csproj", "{CED6A505-AD7E-4F61-AB40-8D3973F431AB}"
EndProject
Project("{FAE04EC0-301F-11D3-BF4B-00C04F79EFBC}") = "cmonitor.sas.service", "keyboard.service\cmonitor.sas.service.csproj", "{7CD26A2A-90EE-4176-8949-8FD1CF17B5FB}"
EndProject
Global
	GlobalSection(SolutionConfigurationPlatforms) = preSolution
		Debug|Any CPU = Debug|Any CPU
		Debug|x64 = Debug|x64
		Debug|x86 = Debug|x86
		Release|Any CPU = Release|Any CPU
		Release|x64 = Release|x64
		Release|x86 = Release|x86
		ReleaseLinux|Any CPU = ReleaseLinux|Any CPU
		ReleaseLinux|x64 = ReleaseLinux|x64
		ReleaseLinux|x86 = ReleaseLinux|x86
	EndGlobalSection
	GlobalSection(ProjectConfigurationPlatforms) = postSolution
		{267DE8BE-F91C-4CCB-9D58-D33FDA661126}.Debug|Any CPU.ActiveCfg = Debug|Any CPU
		{267DE8BE-F91C-4CCB-9D58-D33FDA661126}.Debug|Any CPU.Build.0 = Debug|Any CPU
		{267DE8BE-F91C-4CCB-9D58-D33FDA661126}.Debug|x64.ActiveCfg = Debug|Any CPU
		{267DE8BE-F91C-4CCB-9D58-D33FDA661126}.Debug|x64.Build.0 = Debug|Any CPU
		{267DE8BE-F91C-4CCB-9D58-D33FDA661126}.Debug|x86.ActiveCfg = Debug|Any CPU
		{267DE8BE-F91C-4CCB-9D58-D33FDA661126}.Debug|x86.Build.0 = Debug|Any CPU
		{267DE8BE-F91C-4CCB-9D58-D33FDA661126}.Release|Any CPU.ActiveCfg = Release|Any CPU
		{267DE8BE-F91C-4CCB-9D58-D33FDA661126}.Release|Any CPU.Build.0 = Release|Any CPU
		{267DE8BE-F91C-4CCB-9D58-D33FDA661126}.Release|x64.ActiveCfg = Release|Any CPU
		{267DE8BE-F91C-4CCB-9D58-D33FDA661126}.Release|x64.Build.0 = Release|Any CPU
		{267DE8BE-F91C-4CCB-9D58-D33FDA661126}.Release|x86.ActiveCfg = Release|Any CPU
		{267DE8BE-F91C-4CCB-9D58-D33FDA661126}.Release|x86.Build.0 = Release|Any CPU
		{267DE8BE-F91C-4CCB-9D58-D33FDA661126}.ReleaseLinux|Any CPU.ActiveCfg = ReleaseLinux|Any CPU
		{267DE8BE-F91C-4CCB-9D58-D33FDA661126}.ReleaseLinux|Any CPU.Build.0 = ReleaseLinux|Any CPU
		{267DE8BE-F91C-4CCB-9D58-D33FDA661126}.ReleaseLinux|x64.ActiveCfg = ReleaseLinux|Any CPU
		{267DE8BE-F91C-4CCB-9D58-D33FDA661126}.ReleaseLinux|x64.Build.0 = ReleaseLinux|Any CPU
		{267DE8BE-F91C-4CCB-9D58-D33FDA661126}.ReleaseLinux|x86.ActiveCfg = ReleaseLinux|Any CPU
		{267DE8BE-F91C-4CCB-9D58-D33FDA661126}.ReleaseLinux|x86.Build.0 = ReleaseLinux|Any CPU
		{00EECF97-99EB-4B12-AAEF-ED2363914275}.Debug|Any CPU.ActiveCfg = Debug|Any CPU
		{00EECF97-99EB-4B12-AAEF-ED2363914275}.Debug|Any CPU.Build.0 = Debug|Any CPU
		{00EECF97-99EB-4B12-AAEF-ED2363914275}.Debug|x64.ActiveCfg = Debug|Any CPU
		{00EECF97-99EB-4B12-AAEF-ED2363914275}.Debug|x64.Build.0 = Debug|Any CPU
		{00EECF97-99EB-4B12-AAEF-ED2363914275}.Debug|x86.ActiveCfg = Debug|Any CPU
		{00EECF97-99EB-4B12-AAEF-ED2363914275}.Debug|x86.Build.0 = Debug|Any CPU
		{00EECF97-99EB-4B12-AAEF-ED2363914275}.Release|Any CPU.ActiveCfg = Release|Any CPU
		{00EECF97-99EB-4B12-AAEF-ED2363914275}.Release|Any CPU.Build.0 = Release|Any CPU
		{00EECF97-99EB-4B12-AAEF-ED2363914275}.Release|x64.ActiveCfg = Release|Any CPU
		{00EECF97-99EB-4B12-AAEF-ED2363914275}.Release|x64.Build.0 = Release|Any CPU
		{00EECF97-99EB-4B12-AAEF-ED2363914275}.Release|x86.ActiveCfg = Release|Any CPU
		{00EECF97-99EB-4B12-AAEF-ED2363914275}.Release|x86.Build.0 = Release|Any CPU
		{00EECF97-99EB-4B12-AAEF-ED2363914275}.ReleaseLinux|Any CPU.ActiveCfg = ReleaseLinux|Any CPU
		{00EECF97-99EB-4B12-AAEF-ED2363914275}.ReleaseLinux|Any CPU.Build.0 = ReleaseLinux|Any CPU
		{00EECF97-99EB-4B12-AAEF-ED2363914275}.ReleaseLinux|x64.ActiveCfg = ReleaseLinux|Any CPU
		{00EECF97-99EB-4B12-AAEF-ED2363914275}.ReleaseLinux|x64.Build.0 = ReleaseLinux|Any CPU
		{00EECF97-99EB-4B12-AAEF-ED2363914275}.ReleaseLinux|x86.ActiveCfg = ReleaseLinux|Any CPU
		{00EECF97-99EB-4B12-AAEF-ED2363914275}.ReleaseLinux|x86.Build.0 = ReleaseLinux|Any CPU
		{386F8B8F-2E83-408E-AC3A-4BD35608EDE3}.Debug|Any CPU.ActiveCfg = Debug|Any CPU
		{386F8B8F-2E83-408E-AC3A-4BD35608EDE3}.Debug|Any CPU.Build.0 = Debug|Any CPU
		{386F8B8F-2E83-408E-AC3A-4BD35608EDE3}.Debug|x64.ActiveCfg = Debug|Any CPU
		{386F8B8F-2E83-408E-AC3A-4BD35608EDE3}.Debug|x64.Build.0 = Debug|Any CPU
		{386F8B8F-2E83-408E-AC3A-4BD35608EDE3}.Debug|x86.ActiveCfg = Debug|Any CPU
		{386F8B8F-2E83-408E-AC3A-4BD35608EDE3}.Debug|x86.Build.0 = Debug|Any CPU
		{386F8B8F-2E83-408E-AC3A-4BD35608EDE3}.Release|Any CPU.ActiveCfg = Release|Any CPU
		{386F8B8F-2E83-408E-AC3A-4BD35608EDE3}.Release|Any CPU.Build.0 = Release|Any CPU
		{386F8B8F-2E83-408E-AC3A-4BD35608EDE3}.Release|x64.ActiveCfg = Release|Any CPU
		{386F8B8F-2E83-408E-AC3A-4BD35608EDE3}.Release|x64.Build.0 = Release|Any CPU
		{386F8B8F-2E83-408E-AC3A-4BD35608EDE3}.Release|x86.ActiveCfg = Release|Any CPU
		{386F8B8F-2E83-408E-AC3A-4BD35608EDE3}.Release|x86.Build.0 = Release|Any CPU
		{386F8B8F-2E83-408E-AC3A-4BD35608EDE3}.ReleaseLinux|Any CPU.ActiveCfg = ReleaseLinux|Any CPU
		{386F8B8F-2E83-408E-AC3A-4BD35608EDE3}.ReleaseLinux|Any CPU.Build.0 = ReleaseLinux|Any CPU
		{386F8B8F-2E83-408E-AC3A-4BD35608EDE3}.ReleaseLinux|x64.ActiveCfg = ReleaseLinux|Any CPU
		{386F8B8F-2E83-408E-AC3A-4BD35608EDE3}.ReleaseLinux|x64.Build.0 = ReleaseLinux|Any CPU
		{386F8B8F-2E83-408E-AC3A-4BD35608EDE3}.ReleaseLinux|x86.ActiveCfg = ReleaseLinux|Any CPU
		{386F8B8F-2E83-408E-AC3A-4BD35608EDE3}.ReleaseLinux|x86.Build.0 = ReleaseLinux|Any CPU
		{88FF2017-FF1A-4E9F-AB2E-2973C5B35C34}.Debug|Any CPU.ActiveCfg = Debug|Any CPU
		{88FF2017-FF1A-4E9F-AB2E-2973C5B35C34}.Debug|Any CPU.Build.0 = Debug|Any CPU
		{88FF2017-FF1A-4E9F-AB2E-2973C5B35C34}.Debug|x64.ActiveCfg = Debug|Any CPU
		{88FF2017-FF1A-4E9F-AB2E-2973C5B35C34}.Debug|x64.Build.0 = Debug|Any CPU
		{88FF2017-FF1A-4E9F-AB2E-2973C5B35C34}.Debug|x86.ActiveCfg = Debug|Any CPU
		{88FF2017-FF1A-4E9F-AB2E-2973C5B35C34}.Debug|x86.Build.0 = Debug|Any CPU
		{88FF2017-FF1A-4E9F-AB2E-2973C5B35C34}.Release|Any CPU.ActiveCfg = Release|Any CPU
		{88FF2017-FF1A-4E9F-AB2E-2973C5B35C34}.Release|Any CPU.Build.0 = Release|Any CPU
		{88FF2017-FF1A-4E9F-AB2E-2973C5B35C34}.Release|x64.ActiveCfg = Release|Any CPU
		{88FF2017-FF1A-4E9F-AB2E-2973C5B35C34}.Release|x64.Build.0 = Release|Any CPU
		{88FF2017-FF1A-4E9F-AB2E-2973C5B35C34}.Release|x86.ActiveCfg = Release|Any CPU
		{88FF2017-FF1A-4E9F-AB2E-2973C5B35C34}.Release|x86.Build.0 = Release|Any CPU
		{88FF2017-FF1A-4E9F-AB2E-2973C5B35C34}.ReleaseLinux|Any CPU.ActiveCfg = ReleaseLinux|Any CPU
		{88FF2017-FF1A-4E9F-AB2E-2973C5B35C34}.ReleaseLinux|Any CPU.Build.0 = ReleaseLinux|Any CPU
		{88FF2017-FF1A-4E9F-AB2E-2973C5B35C34}.ReleaseLinux|x64.ActiveCfg = ReleaseLinux|Any CPU
		{88FF2017-FF1A-4E9F-AB2E-2973C5B35C34}.ReleaseLinux|x64.Build.0 = ReleaseLinux|Any CPU
		{88FF2017-FF1A-4E9F-AB2E-2973C5B35C34}.ReleaseLinux|x86.ActiveCfg = ReleaseLinux|Any CPU
		{88FF2017-FF1A-4E9F-AB2E-2973C5B35C34}.ReleaseLinux|x86.Build.0 = ReleaseLinux|Any CPU
		{DD7F9ABD-7718-454B-950D-A369C6D85FE4}.Debug|Any CPU.ActiveCfg = Debug|Any CPU
		{DD7F9ABD-7718-454B-950D-A369C6D85FE4}.Debug|Any CPU.Build.0 = Debug|Any CPU
		{DD7F9ABD-7718-454B-950D-A369C6D85FE4}.Debug|x64.ActiveCfg = Debug|Any CPU
		{DD7F9ABD-7718-454B-950D-A369C6D85FE4}.Debug|x64.Build.0 = Debug|Any CPU
		{DD7F9ABD-7718-454B-950D-A369C6D85FE4}.Debug|x86.ActiveCfg = Debug|Any CPU
		{DD7F9ABD-7718-454B-950D-A369C6D85FE4}.Debug|x86.Build.0 = Debug|Any CPU
		{DD7F9ABD-7718-454B-950D-A369C6D85FE4}.Release|Any CPU.ActiveCfg = Release|Any CPU
		{DD7F9ABD-7718-454B-950D-A369C6D85FE4}.Release|Any CPU.Build.0 = Release|Any CPU
		{DD7F9ABD-7718-454B-950D-A369C6D85FE4}.Release|x64.ActiveCfg = Release|Any CPU
		{DD7F9ABD-7718-454B-950D-A369C6D85FE4}.Release|x64.Build.0 = Release|Any CPU
		{DD7F9ABD-7718-454B-950D-A369C6D85FE4}.Release|x86.ActiveCfg = Release|Any CPU
		{DD7F9ABD-7718-454B-950D-A369C6D85FE4}.Release|x86.Build.0 = Release|Any CPU
		{DD7F9ABD-7718-454B-950D-A369C6D85FE4}.ReleaseLinux|Any CPU.ActiveCfg = ReleaseLinux|Any CPU
		{DD7F9ABD-7718-454B-950D-A369C6D85FE4}.ReleaseLinux|Any CPU.Build.0 = ReleaseLinux|Any CPU
		{DD7F9ABD-7718-454B-950D-A369C6D85FE4}.ReleaseLinux|x64.ActiveCfg = ReleaseLinux|Any CPU
		{DD7F9ABD-7718-454B-950D-A369C6D85FE4}.ReleaseLinux|x64.Build.0 = ReleaseLinux|Any CPU
		{DD7F9ABD-7718-454B-950D-A369C6D85FE4}.ReleaseLinux|x86.ActiveCfg = ReleaseLinux|Any CPU
		{DD7F9ABD-7718-454B-950D-A369C6D85FE4}.ReleaseLinux|x86.Build.0 = ReleaseLinux|Any CPU
		{9170E23A-B7CA-485F-AE8A-6BC9D29D4C67}.Debug|Any CPU.ActiveCfg = Debug|Any CPU
		{9170E23A-B7CA-485F-AE8A-6BC9D29D4C67}.Debug|Any CPU.Build.0 = Debug|Any CPU
		{9170E23A-B7CA-485F-AE8A-6BC9D29D4C67}.Debug|x64.ActiveCfg = Debug|Any CPU
		{9170E23A-B7CA-485F-AE8A-6BC9D29D4C67}.Debug|x64.Build.0 = Debug|Any CPU
		{9170E23A-B7CA-485F-AE8A-6BC9D29D4C67}.Debug|x86.ActiveCfg = Debug|Any CPU
		{9170E23A-B7CA-485F-AE8A-6BC9D29D4C67}.Debug|x86.Build.0 = Debug|Any CPU
		{9170E23A-B7CA-485F-AE8A-6BC9D29D4C67}.Release|Any CPU.ActiveCfg = Release|Any CPU
		{9170E23A-B7CA-485F-AE8A-6BC9D29D4C67}.Release|Any CPU.Build.0 = Release|Any CPU
		{9170E23A-B7CA-485F-AE8A-6BC9D29D4C67}.Release|x64.ActiveCfg = Release|Any CPU
		{9170E23A-B7CA-485F-AE8A-6BC9D29D4C67}.Release|x64.Build.0 = Release|Any CPU
		{9170E23A-B7CA-485F-AE8A-6BC9D29D4C67}.Release|x86.ActiveCfg = Release|Any CPU
		{9170E23A-B7CA-485F-AE8A-6BC9D29D4C67}.Release|x86.Build.0 = Release|Any CPU
		{9170E23A-B7CA-485F-AE8A-6BC9D29D4C67}.ReleaseLinux|Any CPU.ActiveCfg = ReleaseLinux|Any CPU
		{9170E23A-B7CA-485F-AE8A-6BC9D29D4C67}.ReleaseLinux|Any CPU.Build.0 = ReleaseLinux|Any CPU
		{9170E23A-B7CA-485F-AE8A-6BC9D29D4C67}.ReleaseLinux|x64.ActiveCfg = ReleaseLinux|Any CPU
		{9170E23A-B7CA-485F-AE8A-6BC9D29D4C67}.ReleaseLinux|x64.Build.0 = ReleaseLinux|Any CPU
		{9170E23A-B7CA-485F-AE8A-6BC9D29D4C67}.ReleaseLinux|x86.ActiveCfg = ReleaseLinux|Any CPU
		{9170E23A-B7CA-485F-AE8A-6BC9D29D4C67}.ReleaseLinux|x86.Build.0 = ReleaseLinux|Any CPU
		{EDA47DD6-82DC-415C-A3CC-35A564FF0D0F}.Debug|Any CPU.ActiveCfg = Debug|x64
		{EDA47DD6-82DC-415C-A3CC-35A564FF0D0F}.Debug|Any CPU.Build.0 = Debug|x64
		{EDA47DD6-82DC-415C-A3CC-35A564FF0D0F}.Debug|x64.ActiveCfg = Debug|x64
		{EDA47DD6-82DC-415C-A3CC-35A564FF0D0F}.Debug|x64.Build.0 = Debug|x64
		{EDA47DD6-82DC-415C-A3CC-35A564FF0D0F}.Debug|x86.ActiveCfg = Debug|Win32
		{EDA47DD6-82DC-415C-A3CC-35A564FF0D0F}.Debug|x86.Build.0 = Debug|Win32
		{EDA47DD6-82DC-415C-A3CC-35A564FF0D0F}.Release|Any CPU.ActiveCfg = Release|x64
		{EDA47DD6-82DC-415C-A3CC-35A564FF0D0F}.Release|Any CPU.Build.0 = Release|x64
		{EDA47DD6-82DC-415C-A3CC-35A564FF0D0F}.Release|x64.ActiveCfg = Release|x64
		{EDA47DD6-82DC-415C-A3CC-35A564FF0D0F}.Release|x64.Build.0 = Release|x64
		{EDA47DD6-82DC-415C-A3CC-35A564FF0D0F}.Release|x86.ActiveCfg = Release|Win32
		{EDA47DD6-82DC-415C-A3CC-35A564FF0D0F}.Release|x86.Build.0 = Release|Win32
		{EDA47DD6-82DC-415C-A3CC-35A564FF0D0F}.ReleaseLinux|Any CPU.ActiveCfg = Release|x64
		{EDA47DD6-82DC-415C-A3CC-35A564FF0D0F}.ReleaseLinux|Any CPU.Build.0 = Release|x64
		{EDA47DD6-82DC-415C-A3CC-35A564FF0D0F}.ReleaseLinux|x64.ActiveCfg = Release|x64
		{EDA47DD6-82DC-415C-A3CC-35A564FF0D0F}.ReleaseLinux|x64.Build.0 = Release|x64
		{EDA47DD6-82DC-415C-A3CC-35A564FF0D0F}.ReleaseLinux|x86.ActiveCfg = Release|Win32
		{EDA47DD6-82DC-415C-A3CC-35A564FF0D0F}.ReleaseLinux|x86.Build.0 = Release|Win32
		{CED6A505-AD7E-4F61-AB40-8D3973F431AB}.Debug|Any CPU.ActiveCfg = Debug|Any CPU
		{CED6A505-AD7E-4F61-AB40-8D3973F431AB}.Debug|Any CPU.Build.0 = Debug|Any CPU
		{CED6A505-AD7E-4F61-AB40-8D3973F431AB}.Debug|x64.ActiveCfg = Debug|Any CPU
		{CED6A505-AD7E-4F61-AB40-8D3973F431AB}.Debug|x64.Build.0 = Debug|Any CPU
		{CED6A505-AD7E-4F61-AB40-8D3973F431AB}.Debug|x86.ActiveCfg = Debug|Any CPU
		{CED6A505-AD7E-4F61-AB40-8D3973F431AB}.Debug|x86.Build.0 = Debug|Any CPU
		{CED6A505-AD7E-4F61-AB40-8D3973F431AB}.Release|Any CPU.ActiveCfg = Release|Any CPU
		{CED6A505-AD7E-4F61-AB40-8D3973F431AB}.Release|Any CPU.Build.0 = Release|Any CPU
		{CED6A505-AD7E-4F61-AB40-8D3973F431AB}.Release|x64.ActiveCfg = Release|Any CPU
		{CED6A505-AD7E-4F61-AB40-8D3973F431AB}.Release|x64.Build.0 = Release|Any CPU
		{CED6A505-AD7E-4F61-AB40-8D3973F431AB}.Release|x86.ActiveCfg = Release|Any CPU
		{CED6A505-AD7E-4F61-AB40-8D3973F431AB}.Release|x86.Build.0 = Release|Any CPU
		{CED6A505-AD7E-4F61-AB40-8D3973F431AB}.ReleaseLinux|Any CPU.ActiveCfg = Release|Any CPU
		{CED6A505-AD7E-4F61-AB40-8D3973F431AB}.ReleaseLinux|Any CPU.Build.0 = Release|Any CPU
		{CED6A505-AD7E-4F61-AB40-8D3973F431AB}.ReleaseLinux|x64.ActiveCfg = Release|Any CPU
		{CED6A505-AD7E-4F61-AB40-8D3973F431AB}.ReleaseLinux|x64.Build.0 = Release|Any CPU
		{CED6A505-AD7E-4F61-AB40-8D3973F431AB}.ReleaseLinux|x86.ActiveCfg = Release|Any CPU
		{CED6A505-AD7E-4F61-AB40-8D3973F431AB}.ReleaseLinux|x86.Build.0 = Release|Any CPU
		{7CD26A2A-90EE-4176-8949-8FD1CF17B5FB}.Debug|Any CPU.ActiveCfg = Debug|Any CPU
		{7CD26A2A-90EE-4176-8949-8FD1CF17B5FB}.Debug|Any CPU.Build.0 = Debug|Any CPU
		{7CD26A2A-90EE-4176-8949-8FD1CF17B5FB}.Debug|x64.ActiveCfg = Debug|Any CPU
		{7CD26A2A-90EE-4176-8949-8FD1CF17B5FB}.Debug|x64.Build.0 = Debug|Any CPU
		{7CD26A2A-90EE-4176-8949-8FD1CF17B5FB}.Debug|x86.ActiveCfg = Debug|Any CPU
		{7CD26A2A-90EE-4176-8949-8FD1CF17B5FB}.Debug|x86.Build.0 = Debug|Any CPU
		{7CD26A2A-90EE-4176-8949-8FD1CF17B5FB}.Release|Any CPU.ActiveCfg = Release|Any CPU
		{7CD26A2A-90EE-4176-8949-8FD1CF17B5FB}.Release|Any CPU.Build.0 = Release|Any CPU
		{7CD26A2A-90EE-4176-8949-8FD1CF17B5FB}.Release|x64.ActiveCfg = Release|Any CPU
		{7CD26A2A-90EE-4176-8949-8FD1CF17B5FB}.Release|x64.Build.0 = Release|Any CPU
		{7CD26A2A-90EE-4176-8949-8FD1CF17B5FB}.Release|x86.ActiveCfg = Release|Any CPU
		{7CD26A2A-90EE-4176-8949-8FD1CF17B5FB}.Release|x86.Build.0 = Release|Any CPU
		{7CD26A2A-90EE-4176-8949-8FD1CF17B5FB}.ReleaseLinux|Any CPU.ActiveCfg = Release|Any CPU
		{7CD26A2A-90EE-4176-8949-8FD1CF17B5FB}.ReleaseLinux|Any CPU.Build.0 = Release|Any CPU
		{7CD26A2A-90EE-4176-8949-8FD1CF17B5FB}.ReleaseLinux|x64.ActiveCfg = Release|Any CPU
		{7CD26A2A-90EE-4176-8949-8FD1CF17B5FB}.ReleaseLinux|x64.Build.0 = Release|Any CPU
		{7CD26A2A-90EE-4176-8949-8FD1CF17B5FB}.ReleaseLinux|x86.ActiveCfg = Release|Any CPU
		{7CD26A2A-90EE-4176-8949-8FD1CF17B5FB}.ReleaseLinux|x86.Build.0 = Release|Any CPU
	EndGlobalSection
	GlobalSection(SolutionProperties) = preSolution
		HideSolutionNode = FALSE
	EndGlobalSection
	GlobalSection(ExtensibilityGlobals) = postSolution
		SolutionGuid = {1F7E3D69-2821-4CA8-A8B5-86016FA9BEAB}
	EndGlobalSection
EndGlobal
