
Microsoft Visual Studio Solution File, Format Version 12.00
# Visual Studio Version 18
VisualStudioVersion = 18.0.11222.15
MinimumVisualStudioVersion = 10.0.40219.1
Project("{9A19103F-16F7-4668-BE54-9A1E7A4F7556}") = "linker", "src\linker\linker.csproj", "{267DE8BE-F91C-4CCB-9D58-D33FDA661126}"
EndProject
Project("{9A19103F-16F7-4668-BE54-9A1E7A4F7556}") = "linker.libs", "src\linker.libs\linker.libs.csproj", "{00EECF97-99EB-4B12-AAEF-ED2363914275}"
EndProject
Project("{9A19103F-16F7-4668-BE54-9A1E7A4F7556}") = "linker.tunnel", "src\linker.tunnel\linker.tunnel.csproj", "{AFADE8D6-AB00-456B-9F43-53BC95B7B608}"
EndProject
Project("{9A19103F-16F7-4668-BE54-9A1E7A4F7556}") = "linker.tun", "src\linker.tun\linker.tun.csproj", "{0DE134E0-7CD8-4DCF-8D2A-325CEBE5895F}"
EndProject
Project("{9A19103F-16F7-4668-BE54-9A1E7A4F7556}") = "linker.messenger", "src\linker.messenger\linker.messenger.csproj", "{2B0BFDBB-8C5F-4E47-8309-2A764C2567C2}"
EndProject
Project("{9A19103F-16F7-4668-BE54-9A1E7A4F7556}") = "linker.messenger.signin", "src\linker.messenger.signin\linker.messenger.signin.csproj", "{5B1F4754-D1B6-426B-B310-8C21F26879D2}"
EndProject
Project("{9A19103F-16F7-4668-BE54-9A1E7A4F7556}") = "linker.messenger.tunnel", "src\linker.messenger.tunnel\linker.messenger.tunnel.csproj", "{92582A55-8BBF-4B82-892D-75CEC8969EAF}"
EndProject
Project("{9A19103F-16F7-4668-BE54-9A1E7A4F7556}") = "linker.messenger.relay", "src\linker.messenger.relay\linker.messenger.relay.csproj", "{90E99334-FBF6-423F-A636-89B1E71D8FEE}"
EndProject
Project("{9A19103F-16F7-4668-BE54-9A1E7A4F7556}") = "linker.messenger.decenter", "src\linker.messenger.decenter\linker.messenger.decenter.csproj", "{5FDD5CF7-6B10-4F3C-A2E2-D9E8F2A4E271}"
EndProject
Project("{9A19103F-16F7-4668-BE54-9A1E7A4F7556}") = "linker.messenger.entry", "src\linker.messenger.entry\linker.messenger.entry.csproj", "{AE6579B4-886A-4460-B058-516E67D84FBB}"
EndProject
Project("{9A19103F-16F7-4668-BE54-9A1E7A4F7556}") = "linker.messenger.api", "src\linker.messenger.api\linker.messenger.api.csproj", "{2678852B-FBAD-4D4F-941E-D90458D9398C}"
EndProject
Project("{9A19103F-16F7-4668-BE54-9A1E7A4F7556}") = "linker.messenger.sync", "src\linker.messenger.sync\linker.messenger.sync.csproj", "{4881D7B1-06A5-4845-8395-BC5530ABD7C3}"
EndProject
Project("{9A19103F-16F7-4668-BE54-9A1E7A4F7556}") = "linker.messenger.serializer.memorypack", "src\linker.messenger.serializer.memorypack\linker.messenger.serializer.memorypack.csproj", "{E99412D2-71DF-4A95-9CA1-EE1F0F26EBE0}"
EndProject
Project("{9A19103F-16F7-4668-BE54-9A1E7A4F7556}") = "linker.messenger.updater", "src\linker.messenger.updater\linker.messenger.updater.csproj", "{6DE82860-4C90-488F-9721-FB6CA3E5176B}"
EndProject
Project("{9A19103F-16F7-4668-BE54-9A1E7A4F7556}") = "linker.messenger.socks5", "src\linker.messenger.socks5\linker.messenger.socks5.csproj", "{668C9465-CAF9-4B4A-91C2-C221B5B04AD2}"
EndProject
Project("{9A19103F-16F7-4668-BE54-9A1E7A4F7556}") = "linker.messenger.access", "src\linker.messenger.access\linker.messenger.access.csproj", "{2C076344-B58C-474C-96BF-2ECA63EB90FC}"
EndProject
Project("{9A19103F-16F7-4668-BE54-9A1E7A4F7556}") = "linker.messenger.store.file", "src\linker.messenger.store.file\linker.messenger.store.file.csproj", "{B314CF79-2DFF-4A7F-AE86-326ECFD02BB6}"
EndProject
Project("{9A19103F-16F7-4668-BE54-9A1E7A4F7556}") = "linker.messenger.exroute", "src\linker.messenger.exroute\linker.messenger.exroute.csproj", "{091C723F-47AD-49AB-9373-9E49E1DD46C3}"
EndProject
Project("{9A19103F-16F7-4668-BE54-9A1E7A4F7556}") = "linker.messenger.channel", "src\linker.messenger.channel\linker.messenger.channel.csproj", "{9F0DC900-7B27-4C33-8B58-C09DDAF67802}"
EndProject
Project("{9A19103F-16F7-4668-BE54-9A1E7A4F7556}") = "linker.messenger.action", "src\linker.messenger.action\linker.messenger.action.csproj", "{8B16725E-645D-41C8-BD04-C3D9F453BEF6}"
EndProject
Project("{9A19103F-16F7-4668-BE54-9A1E7A4F7556}") = "linker.messenger.listen", "src\linker.messenger.listen\linker.messenger.listen.csproj", "{4BD30072-9DFC-4D65-B6FB-DB9DDE3EFB30}"
EndProject
Project("{9A19103F-16F7-4668-BE54-9A1E7A4F7556}") = "linker.messenger.pcp", "src\linker.messenger.pcp\linker.messenger.pcp.csproj", "{A73BB5AD-C3CA-41A2-B5F9-C06DE6F5CD5C}"
EndProject
Project("{9A19103F-16F7-4668-BE54-9A1E7A4F7556}") = "linker.messenger.sforward", "src\linker.messenger.sforward\linker.messenger.sforward.csproj", "{A108DE37-47F2-4BF6-AAA4-ADC014214943}"
EndProject
Project("{9A19103F-16F7-4668-BE54-9A1E7A4F7556}") = "linker.messenger.logger", "src\linker.messenger.logger\linker.messenger.logger.csproj", "{765B5313-FFDB-41FF-A6B1-500C4017FD05}"
EndProject
Project("{9A19103F-16F7-4668-BE54-9A1E7A4F7556}") = "linker.messenger.forward", "src\linker.messenger.forward\linker.messenger.forward.csproj", "{87417384-655C-400F-895A-CD5BF6B866FD}"
EndProject
Project("{9A19103F-16F7-4668-BE54-9A1E7A4F7556}") = "linker.messenger.flow", "src\linker.messenger.flow\linker.messenger.flow.csproj", "{9F40C7A2-15AC-4A2F-B2CD-15737BF9DB8C}"
EndProject
Project("{9A19103F-16F7-4668-BE54-9A1E7A4F7556}") = "linker.messenger.tuntap", "src\linker.messenger.tuntap\linker.messenger.tuntap.csproj", "{172C6E79-B47C-49E0-9731-6C12CCA071F7}"
EndProject
Project("{9A19103F-16F7-4668-BE54-9A1E7A4F7556}") = "linker.app", "src\linker.app\linker.app.csproj", "{60FFFE21-C8F2-4B3A-BB49-7FA2AE31C2B0}"
EndProject
Project("{9A19103F-16F7-4668-BE54-9A1E7A4F7556}") = "linker.messenger.plan", "src\linker.messenger.plan\linker.messenger.plan.csproj", "{5649D02E-200B-45E0-A82F-8EBE76CF96C6}"
EndProject
Project("{9A19103F-16F7-4668-BE54-9A1E7A4F7556}") = "linker.nat", "src\linker.nat\linker.nat.csproj", "{A1EA64AA-8C30-4616-B65D-8AF07641807E}"
EndProject
Project("{9A19103F-16F7-4668-BE54-9A1E7A4F7556}") = "linker.messenger.firewall", "src\linker.messenger.firewall\linker.messenger.firewall.csproj", "{F97DB5A9-3807-4441-A520-7B1211C1CE8A}"
EndProject
Project("{9A19103F-16F7-4668-BE54-9A1E7A4F7556}") = "linker.messenger.wakeup", "src\linker.messenger.wakeup\linker.messenger.wakeup.csproj", "{FF0F6D11-6FD5-4CB1-9121-14623B226319}"
EndProject
Project("{9A19103F-16F7-4668-BE54-9A1E7A4F7556}") = "linker.messenger.rapp", "src\linker.messenger.rapp\linker.messenger.rapp.csproj", "{B895C1DC-9C75-407D-98CE-5DB873F32278}"
EndProject
Project("{9A19103F-16F7-4668-BE54-9A1E7A4F7556}") = "linker.messenger.wlist", "src\linker.messenger.wlist\linker.messenger.wlist.csproj", "{26550C65-0960-4BA3-9F83-BAC90DE9AA57}"
EndProject
Project("{FAE04EC0-301F-11D3-BF4B-00C04F79EFBC}") = "linker.messenger.node", "src\linker.messenger.node\linker.messenger.node.csproj", "{96BBC3AB-E248-6EE8-4969-4623C5D62E12}"
EndProject
Global
	GlobalSection(SolutionConfigurationPlatforms) = preSolution
		Debug|Any CPU = Debug|Any CPU
		Debug|x64 = Debug|x64
		Debug|x86 = Debug|x86
		Release|Any CPU = Release|Any CPU
		Release|x64 = Release|x64
		Release|x86 = Release|x86
	EndGlobalSection
	GlobalSection(ProjectConfigurationPlatforms) = postSolution
		{267DE8BE-F91C-4CCB-9D58-D33FDA661126}.Debug|Any CPU.ActiveCfg = Debug|Any CPU
		{267DE8BE-F91C-4CCB-9D58-D33FDA661126}.Debug|Any CPU.Build.0 = Debug|Any CPU
		{267DE8BE-F91C-4CCB-9D58-D33FDA661126}.Debug|x64.ActiveCfg = Debug|Any CPU
		{267DE8BE-F91C-4CCB-9D58-D33FDA661126}.Debug|x64.Build.0 = Debug|Any CPU
		{267DE8BE-F91C-4CCB-9D58-D33FDA661126}.Debug|x86.ActiveCfg = Debug|Any CPU
		{267DE8BE-F91C-4CCB-9D58-D33FDA661126}.Debug|x86.Build.0 = Debug|Any CPU
		{267DE8BE-F91C-4CCB-9D58-D33FDA661126}.Release|Any CPU.ActiveCfg = Release|Any CPU
		{267DE8BE-F91C-4CCB-9D58-D33FDA661126}.Release|Any CPU.Build.0 = Release|Any CPU
		{267DE8BE-F91C-4CCB-9D58-D33FDA661126}.Release|x64.ActiveCfg = Release|Any CPU
		{267DE8BE-F91C-4CCB-9D58-D33FDA661126}.Release|x64.Build.0 = Release|Any CPU
		{267DE8BE-F91C-4CCB-9D58-D33FDA661126}.Release|x86.ActiveCfg = Release|Any CPU
		{267DE8BE-F91C-4CCB-9D58-D33FDA661126}.Release|x86.Build.0 = Release|Any CPU
		{00EECF97-99EB-4B12-AAEF-ED2363914275}.Debug|Any CPU.ActiveCfg = Debug|Any CPU
		{00EECF97-99EB-4B12-AAEF-ED2363914275}.Debug|Any CPU.Build.0 = Debug|Any CPU
		{00EECF97-99EB-4B12-AAEF-ED2363914275}.Debug|x64.ActiveCfg = Debug|Any CPU
		{00EECF97-99EB-4B12-AAEF-ED2363914275}.Debug|x64.Build.0 = Debug|Any CPU
		{00EECF97-99EB-4B12-AAEF-ED2363914275}.Debug|x86.ActiveCfg = Debug|Any CPU
		{00EECF97-99EB-4B12-AAEF-ED2363914275}.Debug|x86.Build.0 = Debug|Any CPU
		{00EECF97-99EB-4B12-AAEF-ED2363914275}.Release|Any CPU.ActiveCfg = Release|Any CPU
		{00EECF97-99EB-4B12-AAEF-ED2363914275}.Release|Any CPU.Build.0 = Release|Any CPU
		{00EECF97-99EB-4B12-AAEF-ED2363914275}.Release|x64.ActiveCfg = Release|Any CPU
		{00EECF97-99EB-4B12-AAEF-ED2363914275}.Release|x64.Build.0 = Release|Any CPU
		{00EECF97-99EB-4B12-AAEF-ED2363914275}.Release|x86.ActiveCfg = Release|Any CPU
		{00EECF97-99EB-4B12-AAEF-ED2363914275}.Release|x86.Build.0 = Release|Any CPU
		{AFADE8D6-AB00-456B-9F43-53BC95B7B608}.Debug|Any CPU.ActiveCfg = Debug|Any CPU
		{AFADE8D6-AB00-456B-9F43-53BC95B7B608}.Debug|Any CPU.Build.0 = Debug|Any CPU
		{AFADE8D6-AB00-456B-9F43-53BC95B7B608}.Debug|x64.ActiveCfg = Debug|Any CPU
		{AFADE8D6-AB00-456B-9F43-53BC95B7B608}.Debug|x64.Build.0 = Debug|Any CPU
		{AFADE8D6-AB00-456B-9F43-53BC95B7B608}.Debug|x86.ActiveCfg = Debug|Any CPU
		{AFADE8D6-AB00-456B-9F43-53BC95B7B608}.Debug|x86.Build.0 = Debug|Any CPU
		{AFADE8D6-AB00-456B-9F43-53BC95B7B608}.Release|Any CPU.ActiveCfg = Release|Any CPU
		{AFADE8D6-AB00-456B-9F43-53BC95B7B608}.Release|Any CPU.Build.0 = Release|Any CPU
		{AFADE8D6-AB00-456B-9F43-53BC95B7B608}.Release|x64.ActiveCfg = Release|Any CPU
		{AFADE8D6-AB00-456B-9F43-53BC95B7B608}.Release|x64.Build.0 = Release|Any CPU
		{AFADE8D6-AB00-456B-9F43-53BC95B7B608}.Release|x86.ActiveCfg = Release|Any CPU
		{AFADE8D6-AB00-456B-9F43-53BC95B7B608}.Release|x86.Build.0 = Release|Any CPU
		{0DE134E0-7CD8-4DCF-8D2A-325CEBE5895F}.Debug|Any CPU.ActiveCfg = Debug|Any CPU
		{0DE134E0-7CD8-4DCF-8D2A-325CEBE5895F}.Debug|Any CPU.Build.0 = Debug|Any CPU
		{0DE134E0-7CD8-4DCF-8D2A-325CEBE5895F}.Debug|x64.ActiveCfg = Debug|Any CPU
		{0DE134E0-7CD8-4DCF-8D2A-325CEBE5895F}.Debug|x64.Build.0 = Debug|Any CPU
		{0DE134E0-7CD8-4DCF-8D2A-325CEBE5895F}.Debug|x86.ActiveCfg = Debug|Any CPU
		{0DE134E0-7CD8-4DCF-8D2A-325CEBE5895F}.Debug|x86.Build.0 = Debug|Any CPU
		{0DE134E0-7CD8-4DCF-8D2A-325CEBE5895F}.Release|Any CPU.ActiveCfg = Release|Any CPU
		{0DE134E0-7CD8-4DCF-8D2A-325CEBE5895F}.Release|Any CPU.Build.0 = Release|Any CPU
		{0DE134E0-7CD8-4DCF-8D2A-325CEBE5895F}.Release|x64.ActiveCfg = Release|Any CPU
		{0DE134E0-7CD8-4DCF-8D2A-325CEBE5895F}.Release|x64.Build.0 = Release|Any CPU
		{0DE134E0-7CD8-4DCF-8D2A-325CEBE5895F}.Release|x86.ActiveCfg = Release|Any CPU
		{0DE134E0-7CD8-4DCF-8D2A-325CEBE5895F}.Release|x86.Build.0 = Release|Any CPU
		{2B0BFDBB-8C5F-4E47-8309-2A764C2567C2}.Debug|Any CPU.ActiveCfg = Debug|Any CPU
		{2B0BFDBB-8C5F-4E47-8309-2A764C2567C2}.Debug|Any CPU.Build.0 = Debug|Any CPU
		{2B0BFDBB-8C5F-4E47-8309-2A764C2567C2}.Debug|x64.ActiveCfg = Debug|Any CPU
		{2B0BFDBB-8C5F-4E47-8309-2A764C2567C2}.Debug|x64.Build.0 = Debug|Any CPU
		{2B0BFDBB-8C5F-4E47-8309-2A764C2567C2}.Debug|x86.ActiveCfg = Debug|Any CPU
		{2B0BFDBB-8C5F-4E47-8309-2A764C2567C2}.Debug|x86.Build.0 = Debug|Any CPU
		{2B0BFDBB-8C5F-4E47-8309-2A764C2567C2}.Release|Any CPU.ActiveCfg = Release|Any CPU
		{2B0BFDBB-8C5F-4E47-8309-2A764C2567C2}.Release|Any CPU.Build.0 = Release|Any CPU
		{2B0BFDBB-8C5F-4E47-8309-2A764C2567C2}.Release|x64.ActiveCfg = Release|Any CPU
		{2B0BFDBB-8C5F-4E47-8309-2A764C2567C2}.Release|x64.Build.0 = Release|Any CPU
		{2B0BFDBB-8C5F-4E47-8309-2A764C2567C2}.Release|x86.ActiveCfg = Release|Any CPU
		{2B0BFDBB-8C5F-4E47-8309-2A764C2567C2}.Release|x86.Build.0 = Release|Any CPU
		{5B1F4754-D1B6-426B-B310-8C21F26879D2}.Debug|Any CPU.ActiveCfg = Debug|Any CPU
		{5B1F4754-D1B6-426B-B310-8C21F26879D2}.Debug|Any CPU.Build.0 = Debug|Any CPU
		{5B1F4754-D1B6-426B-B310-8C21F26879D2}.Debug|x64.ActiveCfg = Debug|Any CPU
		{5B1F4754-D1B6-426B-B310-8C21F26879D2}.Debug|x64.Build.0 = Debug|Any CPU
		{5B1F4754-D1B6-426B-B310-8C21F26879D2}.Debug|x86.ActiveCfg = Debug|Any CPU
		{5B1F4754-D1B6-426B-B310-8C21F26879D2}.Debug|x86.Build.0 = Debug|Any CPU
		{5B1F4754-D1B6-426B-B310-8C21F26879D2}.Release|Any CPU.ActiveCfg = Release|Any CPU
		{5B1F4754-D1B6-426B-B310-8C21F26879D2}.Release|Any CPU.Build.0 = Release|Any CPU
		{5B1F4754-D1B6-426B-B310-8C21F26879D2}.Release|x64.ActiveCfg = Release|Any CPU
		{5B1F4754-D1B6-426B-B310-8C21F26879D2}.Release|x64.Build.0 = Release|Any CPU
		{5B1F4754-D1B6-426B-B310-8C21F26879D2}.Release|x86.ActiveCfg = Release|Any CPU
		{5B1F4754-D1B6-426B-B310-8C21F26879D2}.Release|x86.Build.0 = Release|Any CPU
		{92582A55-8BBF-4B82-892D-75CEC8969EAF}.Debug|Any CPU.ActiveCfg = Debug|Any CPU
		{92582A55-8BBF-4B82-892D-75CEC8969EAF}.Debug|Any CPU.Build.0 = Debug|Any CPU
		{92582A55-8BBF-4B82-892D-75CEC8969EAF}.Debug|x64.ActiveCfg = Debug|Any CPU
		{92582A55-8BBF-4B82-892D-75CEC8969EAF}.Debug|x64.Build.0 = Debug|Any CPU
		{92582A55-8BBF-4B82-892D-75CEC8969EAF}.Debug|x86.ActiveCfg = Debug|Any CPU
		{92582A55-8BBF-4B82-892D-75CEC8969EAF}.Debug|x86.Build.0 = Debug|Any CPU
		{92582A55-8BBF-4B82-892D-75CEC8969EAF}.Release|Any CPU.ActiveCfg = Release|Any CPU
		{92582A55-8BBF-4B82-892D-75CEC8969EAF}.Release|Any CPU.Build.0 = Release|Any CPU
		{92582A55-8BBF-4B82-892D-75CEC8969EAF}.Release|x64.ActiveCfg = Release|Any CPU
		{92582A55-8BBF-4B82-892D-75CEC8969EAF}.Release|x64.Build.0 = Release|Any CPU
		{92582A55-8BBF-4B82-892D-75CEC8969EAF}.Release|x86.ActiveCfg = Release|Any CPU
		{92582A55-8BBF-4B82-892D-75CEC8969EAF}.Release|x86.Build.0 = Release|Any CPU
		{90E99334-FBF6-423F-A636-89B1E71D8FEE}.Debug|Any CPU.ActiveCfg = Debug|Any CPU
		{90E99334-FBF6-423F-A636-89B1E71D8FEE}.Debug|Any CPU.Build.0 = Debug|Any CPU
		{90E99334-FBF6-423F-A636-89B1E71D8FEE}.Debug|x64.ActiveCfg = Debug|Any CPU
		{90E99334-FBF6-423F-A636-89B1E71D8FEE}.Debug|x64.Build.0 = Debug|Any CPU
		{90E99334-FBF6-423F-A636-89B1E71D8FEE}.Debug|x86.ActiveCfg = Debug|Any CPU
		{90E99334-FBF6-423F-A636-89B1E71D8FEE}.Debug|x86.Build.0 = Debug|Any CPU
		{90E99334-FBF6-423F-A636-89B1E71D8FEE}.Release|Any CPU.ActiveCfg = Release|Any CPU
		{90E99334-FBF6-423F-A636-89B1E71D8FEE}.Release|Any CPU.Build.0 = Release|Any CPU
		{90E99334-FBF6-423F-A636-89B1E71D8FEE}.Release|x64.ActiveCfg = Release|Any CPU
		{90E99334-FBF6-423F-A636-89B1E71D8FEE}.Release|x64.Build.0 = Release|Any CPU
		{90E99334-FBF6-423F-A636-89B1E71D8FEE}.Release|x86.ActiveCfg = Release|Any CPU
		{90E99334-FBF6-423F-A636-89B1E71D8FEE}.Release|x86.Build.0 = Release|Any CPU
		{5FDD5CF7-6B10-4F3C-A2E2-D9E8F2A4E271}.Debug|Any CPU.ActiveCfg = Debug|Any CPU
		{5FDD5CF7-6B10-4F3C-A2E2-D9E8F2A4E271}.Debug|Any CPU.Build.0 = Debug|Any CPU
		{5FDD5CF7-6B10-4F3C-A2E2-D9E8F2A4E271}.Debug|x64.ActiveCfg = Debug|Any CPU
		{5FDD5CF7-6B10-4F3C-A2E2-D9E8F2A4E271}.Debug|x64.Build.0 = Debug|Any CPU
		{5FDD5CF7-6B10-4F3C-A2E2-D9E8F2A4E271}.Debug|x86.ActiveCfg = Debug|Any CPU
		{5FDD5CF7-6B10-4F3C-A2E2-D9E8F2A4E271}.Debug|x86.Build.0 = Debug|Any CPU
		{5FDD5CF7-6B10-4F3C-A2E2-D9E8F2A4E271}.Release|Any CPU.ActiveCfg = Release|Any CPU
		{5FDD5CF7-6B10-4F3C-A2E2-D9E8F2A4E271}.Release|Any CPU.Build.0 = Release|Any CPU
		{5FDD5CF7-6B10-4F3C-A2E2-D9E8F2A4E271}.Release|x64.ActiveCfg = Release|Any CPU
		{5FDD5CF7-6B10-4F3C-A2E2-D9E8F2A4E271}.Release|x64.Build.0 = Release|Any CPU
		{5FDD5CF7-6B10-4F3C-A2E2-D9E8F2A4E271}.Release|x86.ActiveCfg = Release|Any CPU
		{5FDD5CF7-6B10-4F3C-A2E2-D9E8F2A4E271}.Release|x86.Build.0 = Release|Any CPU
		{AE6579B4-886A-4460-B058-516E67D84FBB}.Debug|Any CPU.ActiveCfg = Debug|Any CPU
		{AE6579B4-886A-4460-B058-516E67D84FBB}.Debug|Any CPU.Build.0 = Debug|Any CPU
		{AE6579B4-886A-4460-B058-516E67D84FBB}.Debug|x64.ActiveCfg = Debug|Any CPU
		{AE6579B4-886A-4460-B058-516E67D84FBB}.Debug|x64.Build.0 = Debug|Any CPU
		{AE6579B4-886A-4460-B058-516E67D84FBB}.Debug|x86.ActiveCfg = Debug|Any CPU
		{AE6579B4-886A-4460-B058-516E67D84FBB}.Debug|x86.Build.0 = Debug|Any CPU
		{AE6579B4-886A-4460-B058-516E67D84FBB}.Release|Any CPU.ActiveCfg = Release|Any CPU
		{AE6579B4-886A-4460-B058-516E67D84FBB}.Release|Any CPU.Build.0 = Release|Any CPU
		{AE6579B4-886A-4460-B058-516E67D84FBB}.Release|x64.ActiveCfg = Release|Any CPU
		{AE6579B4-886A-4460-B058-516E67D84FBB}.Release|x64.Build.0 = Release|Any CPU
		{AE6579B4-886A-4460-B058-516E67D84FBB}.Release|x86.ActiveCfg = Release|Any CPU
		{AE6579B4-886A-4460-B058-516E67D84FBB}.Release|x86.Build.0 = Release|Any CPU
		{2678852B-FBAD-4D4F-941E-D90458D9398C}.Debug|Any CPU.ActiveCfg = Debug|Any CPU
		{2678852B-FBAD-4D4F-941E-D90458D9398C}.Debug|Any CPU.Build.0 = Debug|Any CPU
		{2678852B-FBAD-4D4F-941E-D90458D9398C}.Debug|x64.ActiveCfg = Debug|Any CPU
		{2678852B-FBAD-4D4F-941E-D90458D9398C}.Debug|x64.Build.0 = Debug|Any CPU
		{2678852B-FBAD-4D4F-941E-D90458D9398C}.Debug|x86.ActiveCfg = Debug|Any CPU
		{2678852B-FBAD-4D4F-941E-D90458D9398C}.Debug|x86.Build.0 = Debug|Any CPU
		{2678852B-FBAD-4D4F-941E-D90458D9398C}.Release|Any CPU.ActiveCfg = Release|Any CPU
		{2678852B-FBAD-4D4F-941E-D90458D9398C}.Release|Any CPU.Build.0 = Release|Any CPU
		{2678852B-FBAD-4D4F-941E-D90458D9398C}.Release|x64.ActiveCfg = Release|Any CPU
		{2678852B-FBAD-4D4F-941E-D90458D9398C}.Release|x64.Build.0 = Release|Any CPU
		{2678852B-FBAD-4D4F-941E-D90458D9398C}.Release|x86.ActiveCfg = Release|Any CPU
		{2678852B-FBAD-4D4F-941E-D90458D9398C}.Release|x86.Build.0 = Release|Any CPU
		{4881D7B1-06A5-4845-8395-BC5530ABD7C3}.Debug|Any CPU.ActiveCfg = Debug|Any CPU
		{4881D7B1-06A5-4845-8395-BC5530ABD7C3}.Debug|Any CPU.Build.0 = Debug|Any CPU
		{4881D7B1-06A5-4845-8395-BC5530ABD7C3}.Debug|x64.ActiveCfg = Debug|Any CPU
		{4881D7B1-06A5-4845-8395-BC5530ABD7C3}.Debug|x64.Build.0 = Debug|Any CPU
		{4881D7B1-06A5-4845-8395-BC5530ABD7C3}.Debug|x86.ActiveCfg = Debug|Any CPU
		{4881D7B1-06A5-4845-8395-BC5530ABD7C3}.Debug|x86.Build.0 = Debug|Any CPU
		{4881D7B1-06A5-4845-8395-BC5530ABD7C3}.Release|Any CPU.ActiveCfg = Release|Any CPU
		{4881D7B1-06A5-4845-8395-BC5530ABD7C3}.Release|Any CPU.Build.0 = Release|Any CPU
		{4881D7B1-06A5-4845-8395-BC5530ABD7C3}.Release|x64.ActiveCfg = Release|Any CPU
		{4881D7B1-06A5-4845-8395-BC5530ABD7C3}.Release|x64.Build.0 = Release|Any CPU
		{4881D7B1-06A5-4845-8395-BC5530ABD7C3}.Release|x86.ActiveCfg = Release|Any CPU
		{4881D7B1-06A5-4845-8395-BC5530ABD7C3}.Release|x86.Build.0 = Release|Any CPU
		{E99412D2-71DF-4A95-9CA1-EE1F0F26EBE0}.Debug|Any CPU.ActiveCfg = Debug|Any CPU
		{E99412D2-71DF-4A95-9CA1-EE1F0F26EBE0}.Debug|Any CPU.Build.0 = Debug|Any CPU
		{E99412D2-71DF-4A95-9CA1-EE1F0F26EBE0}.Debug|x64.ActiveCfg = Debug|Any CPU
		{E99412D2-71DF-4A95-9CA1-EE1F0F26EBE0}.Debug|x64.Build.0 = Debug|Any CPU
		{E99412D2-71DF-4A95-9CA1-EE1F0F26EBE0}.Debug|x86.ActiveCfg = Debug|Any CPU
		{E99412D2-71DF-4A95-9CA1-EE1F0F26EBE0}.Debug|x86.Build.0 = Debug|Any CPU
		{E99412D2-71DF-4A95-9CA1-EE1F0F26EBE0}.Release|Any CPU.ActiveCfg = Release|Any CPU
		{E99412D2-71DF-4A95-9CA1-EE1F0F26EBE0}.Release|Any CPU.Build.0 = Release|Any CPU
		{E99412D2-71DF-4A95-9CA1-EE1F0F26EBE0}.Release|x64.ActiveCfg = Release|Any CPU
		{E99412D2-71DF-4A95-9CA1-EE1F0F26EBE0}.Release|x64.Build.0 = Release|Any CPU
		{E99412D2-71DF-4A95-9CA1-EE1F0F26EBE0}.Release|x86.ActiveCfg = Release|Any CPU
		{E99412D2-71DF-4A95-9CA1-EE1F0F26EBE0}.Release|x86.Build.0 = Release|Any CPU
		{6DE82860-4C90-488F-9721-FB6CA3E5176B}.Debug|Any CPU.ActiveCfg = Debug|Any CPU
		{6DE82860-4C90-488F-9721-FB6CA3E5176B}.Debug|Any CPU.Build.0 = Debug|Any CPU
		{6DE82860-4C90-488F-9721-FB6CA3E5176B}.Debug|x64.ActiveCfg = Debug|Any CPU
		{6DE82860-4C90-488F-9721-FB6CA3E5176B}.Debug|x64.Build.0 = Debug|Any CPU
		{6DE82860-4C90-488F-9721-FB6CA3E5176B}.Debug|x86.ActiveCfg = Debug|Any CPU
		{6DE82860-4C90-488F-9721-FB6CA3E5176B}.Debug|x86.Build.0 = Debug|Any CPU
		{6DE82860-4C90-488F-9721-FB6CA3E5176B}.Release|Any CPU.ActiveCfg = Release|Any CPU
		{6DE82860-4C90-488F-9721-FB6CA3E5176B}.Release|Any CPU.Build.0 = Release|Any CPU
		{6DE82860-4C90-488F-9721-FB6CA3E5176B}.Release|x64.ActiveCfg = Release|Any CPU
		{6DE82860-4C90-488F-9721-FB6CA3E5176B}.Release|x64.Build.0 = Release|Any CPU
		{6DE82860-4C90-488F-9721-FB6CA3E5176B}.Release|x86.ActiveCfg = Release|Any CPU
		{6DE82860-4C90-488F-9721-FB6CA3E5176B}.Release|x86.Build.0 = Release|Any CPU
		{668C9465-CAF9-4B4A-91C2-C221B5B04AD2}.Debug|Any CPU.ActiveCfg = Debug|Any CPU
		{668C9465-CAF9-4B4A-91C2-C221B5B04AD2}.Debug|Any CPU.Build.0 = Debug|Any CPU
		{668C9465-CAF9-4B4A-91C2-C221B5B04AD2}.Debug|x64.ActiveCfg = Debug|Any CPU
		{668C9465-CAF9-4B4A-91C2-C221B5B04AD2}.Debug|x64.Build.0 = Debug|Any CPU
		{668C9465-CAF9-4B4A-91C2-C221B5B04AD2}.Debug|x86.ActiveCfg = Debug|Any CPU
		{668C9465-CAF9-4B4A-91C2-C221B5B04AD2}.Debug|x86.Build.0 = Debug|Any CPU
		{668C9465-CAF9-4B4A-91C2-C221B5B04AD2}.Release|Any CPU.ActiveCfg = Release|Any CPU
		{668C9465-CAF9-4B4A-91C2-C221B5B04AD2}.Release|Any CPU.Build.0 = Release|Any CPU
		{668C9465-CAF9-4B4A-91C2-C221B5B04AD2}.Release|x64.ActiveCfg = Release|Any CPU
		{668C9465-CAF9-4B4A-91C2-C221B5B04AD2}.Release|x64.Build.0 = Release|Any CPU
		{668C9465-CAF9-4B4A-91C2-C221B5B04AD2}.Release|x86.ActiveCfg = Release|Any CPU
		{668C9465-CAF9-4B4A-91C2-C221B5B04AD2}.Release|x86.Build.0 = Release|Any CPU
		{2C076344-B58C-474C-96BF-2ECA63EB90FC}.Debug|Any CPU.ActiveCfg = Debug|Any CPU
		{2C076344-B58C-474C-96BF-2ECA63EB90FC}.Debug|Any CPU.Build.0 = Debug|Any CPU
		{2C076344-B58C-474C-96BF-2ECA63EB90FC}.Debug|x64.ActiveCfg = Debug|Any CPU
		{2C076344-B58C-474C-96BF-2ECA63EB90FC}.Debug|x64.Build.0 = Debug|Any CPU
		{2C076344-B58C-474C-96BF-2ECA63EB90FC}.Debug|x86.ActiveCfg = Debug|Any CPU
		{2C076344-B58C-474C-96BF-2ECA63EB90FC}.Debug|x86.Build.0 = Debug|Any CPU
		{2C076344-B58C-474C-96BF-2ECA63EB90FC}.Release|Any CPU.ActiveCfg = Release|Any CPU
		{2C076344-B58C-474C-96BF-2ECA63EB90FC}.Release|Any CPU.Build.0 = Release|Any CPU
		{2C076344-B58C-474C-96BF-2ECA63EB90FC}.Release|x64.ActiveCfg = Release|Any CPU
		{2C076344-B58C-474C-96BF-2ECA63EB90FC}.Release|x64.Build.0 = Release|Any CPU
		{2C076344-B58C-474C-96BF-2ECA63EB90FC}.Release|x86.ActiveCfg = Release|Any CPU
		{2C076344-B58C-474C-96BF-2ECA63EB90FC}.Release|x86.Build.0 = Release|Any CPU
		{B314CF79-2DFF-4A7F-AE86-326ECFD02BB6}.Debug|Any CPU.ActiveCfg = Debug|Any CPU
		{B314CF79-2DFF-4A7F-AE86-326ECFD02BB6}.Debug|Any CPU.Build.0 = Debug|Any CPU
		{B314CF79-2DFF-4A7F-AE86-326ECFD02BB6}.Debug|x64.ActiveCfg = Debug|Any CPU
		{B314CF79-2DFF-4A7F-AE86-326ECFD02BB6}.Debug|x64.Build.0 = Debug|Any CPU
		{B314CF79-2DFF-4A7F-AE86-326ECFD02BB6}.Debug|x86.ActiveCfg = Debug|Any CPU
		{B314CF79-2DFF-4A7F-AE86-326ECFD02BB6}.Debug|x86.Build.0 = Debug|Any CPU
		{B314CF79-2DFF-4A7F-AE86-326ECFD02BB6}.Release|Any CPU.ActiveCfg = Release|Any CPU
		{B314CF79-2DFF-4A7F-AE86-326ECFD02BB6}.Release|Any CPU.Build.0 = Release|Any CPU
		{B314CF79-2DFF-4A7F-AE86-326ECFD02BB6}.Release|x64.ActiveCfg = Release|Any CPU
		{B314CF79-2DFF-4A7F-AE86-326ECFD02BB6}.Release|x64.Build.0 = Release|Any CPU
		{B314CF79-2DFF-4A7F-AE86-326ECFD02BB6}.Release|x86.ActiveCfg = Release|Any CPU
		{B314CF79-2DFF-4A7F-AE86-326ECFD02BB6}.Release|x86.Build.0 = Release|Any CPU
		{091C723F-47AD-49AB-9373-9E49E1DD46C3}.Debug|Any CPU.ActiveCfg = Debug|Any CPU
		{091C723F-47AD-49AB-9373-9E49E1DD46C3}.Debug|Any CPU.Build.0 = Debug|Any CPU
		{091C723F-47AD-49AB-9373-9E49E1DD46C3}.Debug|x64.ActiveCfg = Debug|Any CPU
		{091C723F-47AD-49AB-9373-9E49E1DD46C3}.Debug|x64.Build.0 = Debug|Any CPU
		{091C723F-47AD-49AB-9373-9E49E1DD46C3}.Debug|x86.ActiveCfg = Debug|Any CPU
		{091C723F-47AD-49AB-9373-9E49E1DD46C3}.Debug|x86.Build.0 = Debug|Any CPU
		{091C723F-47AD-49AB-9373-9E49E1DD46C3}.Release|Any CPU.ActiveCfg = Release|Any CPU
		{091C723F-47AD-49AB-9373-9E49E1DD46C3}.Release|Any CPU.Build.0 = Release|Any CPU
		{091C723F-47AD-49AB-9373-9E49E1DD46C3}.Release|x64.ActiveCfg = Release|Any CPU
		{091C723F-47AD-49AB-9373-9E49E1DD46C3}.Release|x64.Build.0 = Release|Any CPU
		{091C723F-47AD-49AB-9373-9E49E1DD46C3}.Release|x86.ActiveCfg = Release|Any CPU
		{091C723F-47AD-49AB-9373-9E49E1DD46C3}.Release|x86.Build.0 = Release|Any CPU
		{9F0DC900-7B27-4C33-8B58-C09DDAF67802}.Debug|Any CPU.ActiveCfg = Debug|Any CPU
		{9F0DC900-7B27-4C33-8B58-C09DDAF67802}.Debug|Any CPU.Build.0 = Debug|Any CPU
		{9F0DC900-7B27-4C33-8B58-C09DDAF67802}.Debug|x64.ActiveCfg = Debug|Any CPU
		{9F0DC900-7B27-4C33-8B58-C09DDAF67802}.Debug|x64.Build.0 = Debug|Any CPU
		{9F0DC900-7B27-4C33-8B58-C09DDAF67802}.Debug|x86.ActiveCfg = Debug|Any CPU
		{9F0DC900-7B27-4C33-8B58-C09DDAF67802}.Debug|x86.Build.0 = Debug|Any CPU
		{9F0DC900-7B27-4C33-8B58-C09DDAF67802}.Release|Any CPU.ActiveCfg = Release|Any CPU
		{9F0DC900-7B27-4C33-8B58-C09DDAF67802}.Release|Any CPU.Build.0 = Release|Any CPU
		{9F0DC900-7B27-4C33-8B58-C09DDAF67802}.Release|x64.ActiveCfg = Release|Any CPU
		{9F0DC900-7B27-4C33-8B58-C09DDAF67802}.Release|x64.Build.0 = Release|Any CPU
		{9F0DC900-7B27-4C33-8B58-C09DDAF67802}.Release|x86.ActiveCfg = Release|Any CPU
		{9F0DC900-7B27-4C33-8B58-C09DDAF67802}.Release|x86.Build.0 = Release|Any CPU
		{8B16725E-645D-41C8-BD04-C3D9F453BEF6}.Debug|Any CPU.ActiveCfg = Debug|Any CPU
		{8B16725E-645D-41C8-BD04-C3D9F453BEF6}.Debug|Any CPU.Build.0 = Debug|Any CPU
		{8B16725E-645D-41C8-BD04-C3D9F453BEF6}.Debug|x64.ActiveCfg = Debug|Any CPU
		{8B16725E-645D-41C8-BD04-C3D9F453BEF6}.Debug|x64.Build.0 = Debug|Any CPU
		{8B16725E-645D-41C8-BD04-C3D9F453BEF6}.Debug|x86.ActiveCfg = Debug|Any CPU
		{8B16725E-645D-41C8-BD04-C3D9F453BEF6}.Debug|x86.Build.0 = Debug|Any CPU
		{8B16725E-645D-41C8-BD04-C3D9F453BEF6}.Release|Any CPU.ActiveCfg = Release|Any CPU
		{8B16725E-645D-41C8-BD04-C3D9F453BEF6}.Release|Any CPU.Build.0 = Release|Any CPU
		{8B16725E-645D-41C8-BD04-C3D9F453BEF6}.Release|x64.ActiveCfg = Release|Any CPU
		{8B16725E-645D-41C8-BD04-C3D9F453BEF6}.Release|x64.Build.0 = Release|Any CPU
		{8B16725E-645D-41C8-BD04-C3D9F453BEF6}.Release|x86.ActiveCfg = Release|Any CPU
		{8B16725E-645D-41C8-BD04-C3D9F453BEF6}.Release|x86.Build.0 = Release|Any CPU
		{4BD30072-9DFC-4D65-B6FB-DB9DDE3EFB30}.Debug|Any CPU.ActiveCfg = Debug|Any CPU
		{4BD30072-9DFC-4D65-B6FB-DB9DDE3EFB30}.Debug|Any CPU.Build.0 = Debug|Any CPU
		{4BD30072-9DFC-4D65-B6FB-DB9DDE3EFB30}.Debug|x64.ActiveCfg = Debug|Any CPU
		{4BD30072-9DFC-4D65-B6FB-DB9DDE3EFB30}.Debug|x64.Build.0 = Debug|Any CPU
		{4BD30072-9DFC-4D65-B6FB-DB9DDE3EFB30}.Debug|x86.ActiveCfg = Debug|Any CPU
		{4BD30072-9DFC-4D65-B6FB-DB9DDE3EFB30}.Debug|x86.Build.0 = Debug|Any CPU
		{4BD30072-9DFC-4D65-B6FB-DB9DDE3EFB30}.Release|Any CPU.ActiveCfg = Release|Any CPU
		{4BD30072-9DFC-4D65-B6FB-DB9DDE3EFB30}.Release|Any CPU.Build.0 = Release|Any CPU
		{4BD30072-9DFC-4D65-B6FB-DB9DDE3EFB30}.Release|x64.ActiveCfg = Release|Any CPU
		{4BD30072-9DFC-4D65-B6FB-DB9DDE3EFB30}.Release|x64.Build.0 = Release|Any CPU
		{4BD30072-9DFC-4D65-B6FB-DB9DDE3EFB30}.Release|x86.ActiveCfg = Release|Any CPU
		{4BD30072-9DFC-4D65-B6FB-DB9DDE3EFB30}.Release|x86.Build.0 = Release|Any CPU
		{A73BB5AD-C3CA-41A2-B5F9-C06DE6F5CD5C}.Debug|Any CPU.ActiveCfg = Debug|Any CPU
		{A73BB5AD-C3CA-41A2-B5F9-C06DE6F5CD5C}.Debug|Any CPU.Build.0 = Debug|Any CPU
		{A73BB5AD-C3CA-41A2-B5F9-C06DE6F5CD5C}.Debug|x64.ActiveCfg = Debug|Any CPU
		{A73BB5AD-C3CA-41A2-B5F9-C06DE6F5CD5C}.Debug|x64.Build.0 = Debug|Any CPU
		{A73BB5AD-C3CA-41A2-B5F9-C06DE6F5CD5C}.Debug|x86.ActiveCfg = Debug|Any CPU
		{A73BB5AD-C3CA-41A2-B5F9-C06DE6F5CD5C}.Debug|x86.Build.0 = Debug|Any CPU
		{A73BB5AD-C3CA-41A2-B5F9-C06DE6F5CD5C}.Release|Any CPU.ActiveCfg = Release|Any CPU
		{A73BB5AD-C3CA-41A2-B5F9-C06DE6F5CD5C}.Release|Any CPU.Build.0 = Release|Any CPU
		{A73BB5AD-C3CA-41A2-B5F9-C06DE6F5CD5C}.Release|x64.ActiveCfg = Release|Any CPU
		{A73BB5AD-C3CA-41A2-B5F9-C06DE6F5CD5C}.Release|x64.Build.0 = Release|Any CPU
		{A73BB5AD-C3CA-41A2-B5F9-C06DE6F5CD5C}.Release|x86.ActiveCfg = Release|Any CPU
		{A73BB5AD-C3CA-41A2-B5F9-C06DE6F5CD5C}.Release|x86.Build.0 = Release|Any CPU
		{A108DE37-47F2-4BF6-AAA4-ADC014214943}.Debug|Any CPU.ActiveCfg = Debug|Any CPU
		{A108DE37-47F2-4BF6-AAA4-ADC014214943}.Debug|Any CPU.Build.0 = Debug|Any CPU
		{A108DE37-47F2-4BF6-AAA4-ADC014214943}.Debug|x64.ActiveCfg = Debug|Any CPU
		{A108DE37-47F2-4BF6-AAA4-ADC014214943}.Debug|x64.Build.0 = Debug|Any CPU
		{A108DE37-47F2-4BF6-AAA4-ADC014214943}.Debug|x86.ActiveCfg = Debug|Any CPU
		{A108DE37-47F2-4BF6-AAA4-ADC014214943}.Debug|x86.Build.0 = Debug|Any CPU
		{A108DE37-47F2-4BF6-AAA4-ADC014214943}.Release|Any CPU.ActiveCfg = Release|Any CPU
		{A108DE37-47F2-4BF6-AAA4-ADC014214943}.Release|Any CPU.Build.0 = Release|Any CPU
		{A108DE37-47F2-4BF6-AAA4-ADC014214943}.Release|x64.ActiveCfg = Release|Any CPU
		{A108DE37-47F2-4BF6-AAA4-ADC014214943}.Release|x64.Build.0 = Release|Any CPU
		{A108DE37-47F2-4BF6-AAA4-ADC014214943}.Release|x86.ActiveCfg = Release|Any CPU
		{A108DE37-47F2-4BF6-AAA4-ADC014214943}.Release|x86.Build.0 = Release|Any CPU
		{765B5313-FFDB-41FF-A6B1-500C4017FD05}.Debug|Any CPU.ActiveCfg = Debug|Any CPU
		{765B5313-FFDB-41FF-A6B1-500C4017FD05}.Debug|Any CPU.Build.0 = Debug|Any CPU
		{765B5313-FFDB-41FF-A6B1-500C4017FD05}.Debug|x64.ActiveCfg = Debug|Any CPU
		{765B5313-FFDB-41FF-A6B1-500C4017FD05}.Debug|x64.Build.0 = Debug|Any CPU
		{765B5313-FFDB-41FF-A6B1-500C4017FD05}.Debug|x86.ActiveCfg = Debug|Any CPU
		{765B5313-FFDB-41FF-A6B1-500C4017FD05}.Debug|x86.Build.0 = Debug|Any CPU
		{765B5313-FFDB-41FF-A6B1-500C4017FD05}.Release|Any CPU.ActiveCfg = Release|Any CPU
		{765B5313-FFDB-41FF-A6B1-500C4017FD05}.Release|Any CPU.Build.0 = Release|Any CPU
		{765B5313-FFDB-41FF-A6B1-500C4017FD05}.Release|x64.ActiveCfg = Release|Any CPU
		{765B5313-FFDB-41FF-A6B1-500C4017FD05}.Release|x64.Build.0 = Release|Any CPU
		{765B5313-FFDB-41FF-A6B1-500C4017FD05}.Release|x86.ActiveCfg = Release|Any CPU
		{765B5313-FFDB-41FF-A6B1-500C4017FD05}.Release|x86.Build.0 = Release|Any CPU
		{87417384-655C-400F-895A-CD5BF6B866FD}.Debug|Any CPU.ActiveCfg = Debug|Any CPU
		{87417384-655C-400F-895A-CD5BF6B866FD}.Debug|Any CPU.Build.0 = Debug|Any CPU
		{87417384-655C-400F-895A-CD5BF6B866FD}.Debug|x64.ActiveCfg = Debug|Any CPU
		{87417384-655C-400F-895A-CD5BF6B866FD}.Debug|x64.Build.0 = Debug|Any CPU
		{87417384-655C-400F-895A-CD5BF6B866FD}.Debug|x86.ActiveCfg = Debug|Any CPU
		{87417384-655C-400F-895A-CD5BF6B866FD}.Debug|x86.Build.0 = Debug|Any CPU
		{87417384-655C-400F-895A-CD5BF6B866FD}.Release|Any CPU.ActiveCfg = Release|Any CPU
		{87417384-655C-400F-895A-CD5BF6B866FD}.Release|Any CPU.Build.0 = Release|Any CPU
		{87417384-655C-400F-895A-CD5BF6B866FD}.Release|x64.ActiveCfg = Release|Any CPU
		{87417384-655C-400F-895A-CD5BF6B866FD}.Release|x64.Build.0 = Release|Any CPU
		{87417384-655C-400F-895A-CD5BF6B866FD}.Release|x86.ActiveCfg = Release|Any CPU
		{87417384-655C-400F-895A-CD5BF6B866FD}.Release|x86.Build.0 = Release|Any CPU
		{9F40C7A2-15AC-4A2F-B2CD-15737BF9DB8C}.Debug|Any CPU.ActiveCfg = Debug|Any CPU
		{9F40C7A2-15AC-4A2F-B2CD-15737BF9DB8C}.Debug|Any CPU.Build.0 = Debug|Any CPU
		{9F40C7A2-15AC-4A2F-B2CD-15737BF9DB8C}.Debug|x64.ActiveCfg = Debug|Any CPU
		{9F40C7A2-15AC-4A2F-B2CD-15737BF9DB8C}.Debug|x64.Build.0 = Debug|Any CPU
		{9F40C7A2-15AC-4A2F-B2CD-15737BF9DB8C}.Debug|x86.ActiveCfg = Debug|Any CPU
		{9F40C7A2-15AC-4A2F-B2CD-15737BF9DB8C}.Debug|x86.Build.0 = Debug|Any CPU
		{9F40C7A2-15AC-4A2F-B2CD-15737BF9DB8C}.Release|Any CPU.ActiveCfg = Release|Any CPU
		{9F40C7A2-15AC-4A2F-B2CD-15737BF9DB8C}.Release|Any CPU.Build.0 = Release|Any CPU
		{9F40C7A2-15AC-4A2F-B2CD-15737BF9DB8C}.Release|x64.ActiveCfg = Release|Any CPU
		{9F40C7A2-15AC-4A2F-B2CD-15737BF9DB8C}.Release|x64.Build.0 = Release|Any CPU
		{9F40C7A2-15AC-4A2F-B2CD-15737BF9DB8C}.Release|x86.ActiveCfg = Release|Any CPU
		{9F40C7A2-15AC-4A2F-B2CD-15737BF9DB8C}.Release|x86.Build.0 = Release|Any CPU
		{172C6E79-B47C-49E0-9731-6C12CCA071F7}.Debug|Any CPU.ActiveCfg = Debug|Any CPU
		{172C6E79-B47C-49E0-9731-6C12CCA071F7}.Debug|Any CPU.Build.0 = Debug|Any CPU
		{172C6E79-B47C-49E0-9731-6C12CCA071F7}.Debug|x64.ActiveCfg = Debug|Any CPU
		{172C6E79-B47C-49E0-9731-6C12CCA071F7}.Debug|x64.Build.0 = Debug|Any CPU
		{172C6E79-B47C-49E0-9731-6C12CCA071F7}.Debug|x86.ActiveCfg = Debug|Any CPU
		{172C6E79-B47C-49E0-9731-6C12CCA071F7}.Debug|x86.Build.0 = Debug|Any CPU
		{172C6E79-B47C-49E0-9731-6C12CCA071F7}.Release|Any CPU.ActiveCfg = Release|Any CPU
		{172C6E79-B47C-49E0-9731-6C12CCA071F7}.Release|Any CPU.Build.0 = Release|Any CPU
		{172C6E79-B47C-49E0-9731-6C12CCA071F7}.Release|x64.ActiveCfg = Release|Any CPU
		{172C6E79-B47C-49E0-9731-6C12CCA071F7}.Release|x64.Build.0 = Release|Any CPU
		{172C6E79-B47C-49E0-9731-6C12CCA071F7}.Release|x86.ActiveCfg = Release|Any CPU
		{172C6E79-B47C-49E0-9731-6C12CCA071F7}.Release|x86.Build.0 = Release|Any CPU
		{60FFFE21-C8F2-4B3A-BB49-7FA2AE31C2B0}.Debug|Any CPU.ActiveCfg = Debug|Any CPU
		{60FFFE21-C8F2-4B3A-BB49-7FA2AE31C2B0}.Debug|Any CPU.Build.0 = Debug|Any CPU
		{60FFFE21-C8F2-4B3A-BB49-7FA2AE31C2B0}.Debug|Any CPU.Deploy.0 = Debug|Any CPU
		{60FFFE21-C8F2-4B3A-BB49-7FA2AE31C2B0}.Debug|x64.ActiveCfg = Debug|Any CPU
		{60FFFE21-C8F2-4B3A-BB49-7FA2AE31C2B0}.Debug|x64.Build.0 = Debug|Any CPU
		{60FFFE21-C8F2-4B3A-BB49-7FA2AE31C2B0}.Debug|x64.Deploy.0 = Debug|Any CPU
		{60FFFE21-C8F2-4B3A-BB49-7FA2AE31C2B0}.Debug|x86.ActiveCfg = Debug|Any CPU
		{60FFFE21-C8F2-4B3A-BB49-7FA2AE31C2B0}.Debug|x86.Build.0 = Debug|Any CPU
		{60FFFE21-C8F2-4B3A-BB49-7FA2AE31C2B0}.Debug|x86.Deploy.0 = Debug|Any CPU
		{60FFFE21-C8F2-4B3A-BB49-7FA2AE31C2B0}.Release|Any CPU.ActiveCfg = Release|Any CPU
		{60FFFE21-C8F2-4B3A-BB49-7FA2AE31C2B0}.Release|Any CPU.Build.0 = Release|Any CPU
		{60FFFE21-C8F2-4B3A-BB49-7FA2AE31C2B0}.Release|Any CPU.Deploy.0 = Release|Any CPU
		{60FFFE21-C8F2-4B3A-BB49-7FA2AE31C2B0}.Release|x64.ActiveCfg = Release|Any CPU
		{60FFFE21-C8F2-4B3A-BB49-7FA2AE31C2B0}.Release|x64.Build.0 = Release|Any CPU
		{60FFFE21-C8F2-4B3A-BB49-7FA2AE31C2B0}.Release|x64.Deploy.0 = Release|Any CPU
		{60FFFE21-C8F2-4B3A-BB49-7FA2AE31C2B0}.Release|x86.ActiveCfg = Release|Any CPU
		{60FFFE21-C8F2-4B3A-BB49-7FA2AE31C2B0}.Release|x86.Build.0 = Release|Any CPU
		{60FFFE21-C8F2-4B3A-BB49-7FA2AE31C2B0}.Release|x86.Deploy.0 = Release|Any CPU
		{5649D02E-200B-45E0-A82F-8EBE76CF96C6}.Debug|Any CPU.ActiveCfg = Debug|Any CPU
		{5649D02E-200B-45E0-A82F-8EBE76CF96C6}.Debug|Any CPU.Build.0 = Debug|Any CPU
		{5649D02E-200B-45E0-A82F-8EBE76CF96C6}.Debug|x64.ActiveCfg = Debug|Any CPU
		{5649D02E-200B-45E0-A82F-8EBE76CF96C6}.Debug|x64.Build.0 = Debug|Any CPU
		{5649D02E-200B-45E0-A82F-8EBE76CF96C6}.Debug|x86.ActiveCfg = Debug|Any CPU
		{5649D02E-200B-45E0-A82F-8EBE76CF96C6}.Debug|x86.Build.0 = Debug|Any CPU
		{5649D02E-200B-45E0-A82F-8EBE76CF96C6}.Release|Any CPU.ActiveCfg = Release|Any CPU
		{5649D02E-200B-45E0-A82F-8EBE76CF96C6}.Release|Any CPU.Build.0 = Release|Any CPU
		{5649D02E-200B-45E0-A82F-8EBE76CF96C6}.Release|x64.ActiveCfg = Release|Any CPU
		{5649D02E-200B-45E0-A82F-8EBE76CF96C6}.Release|x64.Build.0 = Release|Any CPU
		{5649D02E-200B-45E0-A82F-8EBE76CF96C6}.Release|x86.ActiveCfg = Release|Any CPU
		{5649D02E-200B-45E0-A82F-8EBE76CF96C6}.Release|x86.Build.0 = Release|Any CPU
		{A1EA64AA-8C30-4616-B65D-8AF07641807E}.Debug|Any CPU.ActiveCfg = Debug|Any CPU
		{A1EA64AA-8C30-4616-B65D-8AF07641807E}.Debug|Any CPU.Build.0 = Debug|Any CPU
		{A1EA64AA-8C30-4616-B65D-8AF07641807E}.Debug|x64.ActiveCfg = Debug|Any CPU
		{A1EA64AA-8C30-4616-B65D-8AF07641807E}.Debug|x64.Build.0 = Debug|Any CPU
		{A1EA64AA-8C30-4616-B65D-8AF07641807E}.Debug|x86.ActiveCfg = Debug|Any CPU
		{A1EA64AA-8C30-4616-B65D-8AF07641807E}.Debug|x86.Build.0 = Debug|Any CPU
		{A1EA64AA-8C30-4616-B65D-8AF07641807E}.Release|Any CPU.ActiveCfg = Release|Any CPU
		{A1EA64AA-8C30-4616-B65D-8AF07641807E}.Release|Any CPU.Build.0 = Release|Any CPU
		{A1EA64AA-8C30-4616-B65D-8AF07641807E}.Release|x64.ActiveCfg = Release|Any CPU
		{A1EA64AA-8C30-4616-B65D-8AF07641807E}.Release|x64.Build.0 = Release|Any CPU
		{A1EA64AA-8C30-4616-B65D-8AF07641807E}.Release|x86.ActiveCfg = Release|Any CPU
		{A1EA64AA-8C30-4616-B65D-8AF07641807E}.Release|x86.Build.0 = Release|Any CPU
		{F97DB5A9-3807-4441-A520-7B1211C1CE8A}.Debug|Any CPU.ActiveCfg = Debug|Any CPU
		{F97DB5A9-3807-4441-A520-7B1211C1CE8A}.Debug|Any CPU.Build.0 = Debug|Any CPU
		{F97DB5A9-3807-4441-A520-7B1211C1CE8A}.Debug|x64.ActiveCfg = Debug|Any CPU
		{F97DB5A9-3807-4441-A520-7B1211C1CE8A}.Debug|x64.Build.0 = Debug|Any CPU
		{F97DB5A9-3807-4441-A520-7B1211C1CE8A}.Debug|x86.ActiveCfg = Debug|Any CPU
		{F97DB5A9-3807-4441-A520-7B1211C1CE8A}.Debug|x86.Build.0 = Debug|Any CPU
		{F97DB5A9-3807-4441-A520-7B1211C1CE8A}.Release|Any CPU.ActiveCfg = Release|Any CPU
		{F97DB5A9-3807-4441-A520-7B1211C1CE8A}.Release|Any CPU.Build.0 = Release|Any CPU
		{F97DB5A9-3807-4441-A520-7B1211C1CE8A}.Release|x64.ActiveCfg = Release|Any CPU
		{F97DB5A9-3807-4441-A520-7B1211C1CE8A}.Release|x64.Build.0 = Release|Any CPU
		{F97DB5A9-3807-4441-A520-7B1211C1CE8A}.Release|x86.ActiveCfg = Release|Any CPU
		{F97DB5A9-3807-4441-A520-7B1211C1CE8A}.Release|x86.Build.0 = Release|Any CPU
		{FF0F6D11-6FD5-4CB1-9121-14623B226319}.Debug|Any CPU.ActiveCfg = Debug|Any CPU
		{FF0F6D11-6FD5-4CB1-9121-14623B226319}.Debug|Any CPU.Build.0 = Debug|Any CPU
		{FF0F6D11-6FD5-4CB1-9121-14623B226319}.Debug|x64.ActiveCfg = Debug|Any CPU
		{FF0F6D11-6FD5-4CB1-9121-14623B226319}.Debug|x64.Build.0 = Debug|Any CPU
		{FF0F6D11-6FD5-4CB1-9121-14623B226319}.Debug|x86.ActiveCfg = Debug|Any CPU
		{FF0F6D11-6FD5-4CB1-9121-14623B226319}.Debug|x86.Build.0 = Debug|Any CPU
		{FF0F6D11-6FD5-4CB1-9121-14623B226319}.Release|Any CPU.ActiveCfg = Release|Any CPU
		{FF0F6D11-6FD5-4CB1-9121-14623B226319}.Release|Any CPU.Build.0 = Release|Any CPU
		{FF0F6D11-6FD5-4CB1-9121-14623B226319}.Release|x64.ActiveCfg = Release|Any CPU
		{FF0F6D11-6FD5-4CB1-9121-14623B226319}.Release|x64.Build.0 = Release|Any CPU
		{FF0F6D11-6FD5-4CB1-9121-14623B226319}.Release|x86.ActiveCfg = Release|Any CPU
		{FF0F6D11-6FD5-4CB1-9121-14623B226319}.Release|x86.Build.0 = Release|Any CPU
		{B895C1DC-9C75-407D-98CE-5DB873F32278}.Debug|Any CPU.ActiveCfg = Debug|Any CPU
		{B895C1DC-9C75-407D-98CE-5DB873F32278}.Debug|Any CPU.Build.0 = Debug|Any CPU
		{B895C1DC-9C75-407D-98CE-5DB873F32278}.Debug|x64.ActiveCfg = Debug|Any CPU
		{B895C1DC-9C75-407D-98CE-5DB873F32278}.Debug|x64.Build.0 = Debug|Any CPU
		{B895C1DC-9C75-407D-98CE-5DB873F32278}.Debug|x86.ActiveCfg = Debug|Any CPU
		{B895C1DC-9C75-407D-98CE-5DB873F32278}.Debug|x86.Build.0 = Debug|Any CPU
		{B895C1DC-9C75-407D-98CE-5DB873F32278}.Release|Any CPU.ActiveCfg = Release|Any CPU
		{B895C1DC-9C75-407D-98CE-5DB873F32278}.Release|Any CPU.Build.0 = Release|Any CPU
		{B895C1DC-9C75-407D-98CE-5DB873F32278}.Release|x64.ActiveCfg = Release|Any CPU
		{B895C1DC-9C75-407D-98CE-5DB873F32278}.Release|x64.Build.0 = Release|Any CPU
		{B895C1DC-9C75-407D-98CE-5DB873F32278}.Release|x86.ActiveCfg = Release|Any CPU
		{B895C1DC-9C75-407D-98CE-5DB873F32278}.Release|x86.Build.0 = Release|Any CPU
		{26550C65-0960-4BA3-9F83-BAC90DE9AA57}.Debug|Any CPU.ActiveCfg = Debug|Any CPU
		{26550C65-0960-4BA3-9F83-BAC90DE9AA57}.Debug|Any CPU.Build.0 = Debug|Any CPU
		{26550C65-0960-4BA3-9F83-BAC90DE9AA57}.Debug|x64.ActiveCfg = Debug|Any CPU
		{26550C65-0960-4BA3-9F83-BAC90DE9AA57}.Debug|x64.Build.0 = Debug|Any CPU
		{26550C65-0960-4BA3-9F83-BAC90DE9AA57}.Debug|x86.ActiveCfg = Debug|Any CPU
		{26550C65-0960-4BA3-9F83-BAC90DE9AA57}.Debug|x86.Build.0 = Debug|Any CPU
		{26550C65-0960-4BA3-9F83-BAC90DE9AA57}.Release|Any CPU.ActiveCfg = Release|Any CPU
		{26550C65-0960-4BA3-9F83-BAC90DE9AA57}.Release|Any CPU.Build.0 = Release|Any CPU
		{26550C65-0960-4BA3-9F83-BAC90DE9AA57}.Release|x64.ActiveCfg = Release|Any CPU
		{26550C65-0960-4BA3-9F83-BAC90DE9AA57}.Release|x64.Build.0 = Release|Any CPU
		{26550C65-0960-4BA3-9F83-BAC90DE9AA57}.Release|x86.ActiveCfg = Release|Any CPU
		{26550C65-0960-4BA3-9F83-BAC90DE9AA57}.Release|x86.Build.0 = Release|Any CPU
		{96BBC3AB-E248-6EE8-4969-4623C5D62E12}.Debug|Any CPU.ActiveCfg = Debug|Any CPU
		{96BBC3AB-E248-6EE8-4969-4623C5D62E12}.Debug|Any CPU.Build.0 = Debug|Any CPU
		{96BBC3AB-E248-6EE8-4969-4623C5D62E12}.Debug|x64.ActiveCfg = Debug|Any CPU
		{96BBC3AB-E248-6EE8-4969-4623C5D62E12}.Debug|x64.Build.0 = Debug|Any CPU
		{96BBC3AB-E248-6EE8-4969-4623C5D62E12}.Debug|x86.ActiveCfg = Debug|Any CPU
		{96BBC3AB-E248-6EE8-4969-4623C5D62E12}.Debug|x86.Build.0 = Debug|Any CPU
		{96BBC3AB-E248-6EE8-4969-4623C5D62E12}.Release|Any CPU.ActiveCfg = Release|Any CPU
		{96BBC3AB-E248-6EE8-4969-4623C5D62E12}.Release|Any CPU.Build.0 = Release|Any CPU
		{96BBC3AB-E248-6EE8-4969-4623C5D62E12}.Release|x64.ActiveCfg = Release|Any CPU
		{96BBC3AB-E248-6EE8-4969-4623C5D62E12}.Release|x64.Build.0 = Release|Any CPU
		{96BBC3AB-E248-6EE8-4969-4623C5D62E12}.Release|x86.ActiveCfg = Release|Any CPU
		{96BBC3AB-E248-6EE8-4969-4623C5D62E12}.Release|x86.Build.0 = Release|Any CPU
	EndGlobalSection
	GlobalSection(SolutionProperties) = preSolution
		HideSolutionNode = FALSE
	EndGlobalSection
	GlobalSection(ExtensibilityGlobals) = postSolution
		SolutionGuid = {1F7E3D69-2821-4CA8-A8B5-86016FA9BEAB}
	EndGlobalSection
EndGlobal
